// !$*UTF8*$!
{
	archiveVersion = 1;
	classes = {
	};
	objectVersion = 50;
	objects = {

/* Begin PBXBuildFile section */
		EDFDA65224FB8C26002550CE /* AppDelegate.swift in Sources */ = {isa = PBXBuildFile; fileRef = EDFDA65124FB8C26002550CE /* AppDelegate.swift */; };
		EDFDA65424FB8C26002550CE /* SceneDelegate.swift in Sources */ = {isa = PBXBuildFile; fileRef = EDFDA65324FB8C26002550CE /* SceneDelegate.swift */; };
		EDFDA65624FB8C26002550CE /* ViewController.swift in Sources */ = {isa = PBXBuildFile; fileRef = EDFDA65524FB8C26002550CE /* ViewController.swift */; };
		EDFDA65924FB8C26002550CE /* Main.storyboard in Resources */ = {isa = PBXBuildFile; fileRef = EDFDA65724FB8C26002550CE /* Main.storyboard */; };
		EDFDA65B24FB8C29002550CE /* Assets.xcassets in Resources */ = {isa = PBXBuildFile; fileRef = EDFDA65A24FB8C29002550CE /* Assets.xcassets */; };
		EDFDA65E24FB8C29002550CE /* LaunchScreen.storyboard in Resources */ = {isa = PBXBuildFile; fileRef = EDFDA65C24FB8C29002550CE /* LaunchScreen.storyboard */; };
/* End PBXBuildFile section */

/* Begin PBXFileReference section */
		EDFDA64E24FB8C26002550CE /* module13_animations.app */ = {isa = PBXFileReference; explicitFileType = wrapper.application; includeInIndex = 0; path = module13_animations.app; sourceTree = BUILT_PRODUCTS_DIR; };
		EDFDA65124FB8C26002550CE /* AppDelegate.swift */ = {isa = PBXFileReference; lastKnownFileType = sourcecode.swift; path = AppDelegate.swift; sourceTree = "<group>"; };
		EDFDA65324FB8C26002550CE /* SceneDelegate.swift */ = {isa = PBXFileReference; lastKnownFileType = sourcecode.swift; path = SceneDelegate.swift; sourceTree = "<group>"; };
		EDFDA65524FB8C26002550CE /* ViewController.swift */ = {isa = PBXFileReference; lastKnownFileType = sourcecode.swift; path = ViewController.swift; sourceTree = "<group>"; };
		EDFDA65824FB8C26002550CE /* Base */ = {isa = PBXFileReference; lastKnownFileType = file.storyboard; name = Base; path = Base.lproj/Main.storyboard; sourceTree = "<group>"; };
		EDFDA65A24FB8C29002550CE /* Assets.xcassets */ = {isa = PBXFileReference; lastKnownFileType = folder.assetcatalog; path = Assets.xcassets; sourceTree = "<group>"; };
		EDFDA65D24FB8C29002550CE /* Base */ = {isa = PBXFileReference; lastKnownFileType = file.storyboard; name = Base; path = Base.lproj/LaunchScreen.storyboard; sourceTree = "<group>"; };
		EDFDA65F24FB8C29002550CE /* Info.plist */ = {isa = PBXFileReference; lastKnownFileType = text.plist.xml; path = Info.plist; sourceTree = "<group>"; };
/* End PBXFileReference section */

/* Begin PBXFrameworksBuildPhase section */
		EDFDA64B24FB8C26002550CE /* Frameworks */ = {
			isa = PBXFrameworksBuildPhase;
			buildActionMask = 2147483647;
			files = (
			);
			runOnlyForDeploymentPostprocessing = 0;
		};
/* End PBXFrameworksBuildPhase section */

/* Begin PBXGroup section */
		EDFDA64524FB8C26002550CE = {
			isa = PBXGroup;
			children = (
				EDFDA65024FB8C26002550CE /* module13_animations */,
				EDFDA64F24FB8C26002550CE /* Products */,
			);
			sourceTree = "<group>";
		};
		EDFDA64F24FB8C26002550CE /* Products */ = {
			isa = PBXGroup;
			children = (
				EDFDA64E24FB8C26002550CE /* module13_animations.app */,
			);
			name = Products;
			sourceTree = "<group>";
		};
		EDFDA65024FB8C26002550CE /* module13_animations */ = {
			isa = PBXGroup;
			children = (
				EDFDA65124FB8C26002550CE /* AppDelegate.swift */,
				EDFDA65324FB8C26002550CE /* SceneDelegate.swift */,
				EDFDA65524FB8C26002550CE /* ViewController.swift */,
				EDFDA65724FB8C26002550CE /* Main.storyboard */,
				EDFDA65A24FB8C29002550CE /* Assets.xcassets */,
				EDFDA65C24FB8C29002550CE /* LaunchScreen.storyboard */,
				EDFDA65F24FB8C29002550CE /* Info.plist */,
			);
			path = module13_animations;
			sourceTree = "<group>";
		};
/* End PBXGroup section */

/* Begin PBXNativeTarget section */
		EDFDA64D24FB8C26002550CE /* module13_animations */ = {
			isa = PBXNativeTarget;
			buildConfigurationList = EDFDA66224FB8C29002550CE /* Build configuration list for PBXNativeTarget "module13_animations" */;
			buildPhases = (
				EDFDA64A24FB8C26002550CE /* Sources */,
				EDFDA64B24FB8C26002550CE /* Frameworks */,
				EDFDA64C24FB8C26002550CE /* Resources */,
			);
			buildRules = (
			);
			dependencies = (
			);
			name = module13_animations;
			productName = module13_animations;
			productReference = EDFDA64E24FB8C26002550CE /* module13_animations.app */;
			productType = "com.apple.product-type.application";
		};
/* End PBXNativeTarget section */

/* Begin PBXProject section */
		EDFDA64624FB8C26002550CE /* Project object */ = {
			isa = PBXProject;
			attributes = {
				LastSwiftUpdateCheck = 1160;
				LastUpgradeCheck = 1160;
				ORGANIZATIONNAME = "Kirill Belousov";
				TargetAttributes = {
					EDFDA64D24FB8C26002550CE = {
						CreatedOnToolsVersion = 11.6;
					};
				};
			};
			buildConfigurationList = EDFDA64924FB8C26002550CE /* Build configuration list for PBXProject "module13_animations" */;
			compatibilityVersion = "Xcode 9.3";
			developmentRegion = en;
			hasScannedForEncodings = 0;
			knownRegions = (
				en,
				Base,
			);
			mainGroup = EDFDA64524FB8C26002550CE;
			productRefGroup = EDFDA64F24FB8C26002550CE /* Products */;
			projectDirPath = "";
			projectRoot = "";
			targets = (
				EDFDA64D24FB8C26002550CE /* module13_animations */,
			);
		};
/* End PBXProject section */

/* Begin PBXResourcesBuildPhase section */
		EDFDA64C24FB8C26002550CE /* Resources */ = {
			isa = PBXResourcesBuildPhase;
			buildActionMask = 2147483647;
			files = (
				EDFDA65E24FB8C29002550CE /* LaunchScreen.storyboard in Resources */,
				EDFDA65B24FB8C29002550CE /* Assets.xcassets in Resources */,
				EDFDA65924FB8C26002550CE /* Main.storyboard in Resources */,
			);
			runOnlyForDeploymentPostprocessing = 0;
		};
/* End PBXResourcesBuildPhase section */

/* Begin PBXSourcesBuildPhase section */
		EDFDA64A24FB8C26002550CE /* Sources */ = {
			isa = PBXSourcesBuildPhase;
			buildActionMask = 2147483647;
			files = (
				EDFDA65624FB8C26002550CE /* ViewController.swift in Sources */,
				EDFDA65224FB8C26002550CE /* AppDelegate.swift in Sources */,
				EDFDA65424FB8C26002550CE /* SceneDelegate.swift in Sources */,
			);
			runOnlyForDeploymentPostprocessing = 0;
		};
/* End PBXSourcesBuildPhase section */

/* Begin PBXVariantGroup section */
		EDFDA65724FB8C26002550CE /* Main.storyboard */ = {
			isa = PBXVariantGroup;
			children = (
				EDFDA65824FB8C26002550CE /* Base */,
			);
			name = Main.storyboard;
			sourceTree = "<group>";
		};
		EDFDA65C24FB8C29002550CE /* LaunchScreen.storyboard */ = {
			isa = PBXVariantGroup;
			children = (
				EDFDA65D24FB8C29002550CE /* Base */,
			);
			name = LaunchScreen.storyboard;
			sourceTree = "<group>";
		};
/* End PBXVariantGroup section */

/* Begin XCBuildConfiguration section */
		EDFDA66024FB8C29002550CE /* Debug */ = {
			isa = XCBuildConfiguration;
			buildSettings = {
				ALWAYS_SEARCH_USER_PATHS = NO;
				CLANG_ANALYZER_NONNULL = YES;
				CLANG_ANALYZER_NUMBER_OBJECT_CONVERSION = YES_AGGRESSIVE;
				CLANG_CXX_LANGUAGE_STANDARD = "gnu++14";
				CLANG_CXX_LIBRARY = "libc++";
				CLANG_ENABLE_MODULES = YES;
				CLANG_ENABLE_OBJC_ARC = YES;
				CLANG_ENABLE_OBJC_WEAK = YES;
				CLANG_WARN_BLOCK_CAPTURE_AUTORELEASING = YES;
				CLANG_WARN_BOOL_CONVERSION = YES;
				CLANG_WARN_COMMA = YES;
				CLANG_WARN_CONSTANT_CONVERSION = YES;
				CLANG_WARN_DEPRECATED_OBJC_IMPLEMENTATIONS = YES;
				CLANG_WARN_DIRECT_OBJC_ISA_USAGE = YES_ERROR;
				CLANG_WARN_DOCUMENTATION_COMMENTS = YES;
				CLANG_WARN_EMPTY_BODY = YES;
				CLANG_WARN_ENUM_CONVERSION = YES;
				CLANG_WARN_INFINITE_RECURSION = YES;
				CLANG_WARN_INT_CONVERSION = YES;
				CLANG_WARN_NON_LITERAL_NULL_CONVERSION = YES;
				CLANG_WARN_OBJC_IMPLICIT_RETAIN_SELF = YES;
				CLANG_WARN_OBJC_LITERAL_CONVERSION = YES;
				CLANG_WARN_OBJC_ROOT_CLASS = YES_ERROR;
				CLANG_WARN_RANGE_LOOP_ANALYSIS = YES;
				CLANG_WARN_STRICT_PROTOTYPES = YES;
				CLANG_WARN_SUSPICIOUS_MOVE = YES;
				CLANG_WARN_UNGUARDED_AVAILABILITY = YES_AGGRESSIVE;
				CLANG_WARN_UNREACHABLE_CODE = YES;
				CLANG_WARN__DUPLICATE_METHOD_MATCH = YES;
				COPY_PHASE_STRIP = NO;
				DEBUG_INFORMATION_FORMAT = dwarf;
				ENABLE_STRICT_OBJC_MSGSEND = YES;
				ENABLE_TESTABILITY = YES;
				GCC_C_LANGUAGE_STANDARD = gnu11;
				GCC_DYNAMIC_NO_PIC = NO;
				GCC_NO_COMMON_BLOCKS = YES;
				GCC_OPTIMIZATION_LEVEL = 0;
				GCC_PREPROCESSOR_DEFINITIONS = (
					"DEBUG=1",
					"$(inherited)",
				);
				GCC_WARN_64_TO_32_BIT_CONVERSION = YES;
				GCC_WARN_ABOUT_RETURN_TYPE = YES_ERROR;
				GCC_WARN_UNDECLARED_SELECTOR = YES;
				GCC_WARN_UNINITIALIZED_AUTOS = YES_AGGRESSIVE;
				GCC_WARN_UNUSED_FUNCTION = YES;
				GCC_WARN_UNUSED_VARIABLE = YES;
				IPHONEOS_DEPLOYMENT_TARGET = 13.6;
				MTL_ENABLE_DEBUG_INFO = INCLUDE_SOURCE;
				MTL_FAST_MATH = YES;
				ONLY_ACTIVE_ARCH = YES;
				SDKROOT = iphoneos;
				SWIFT_ACTIVE_COMPILATION_CONDITIONS = DEBUG;
				SWIFT_OPTIMIZATION_LEVEL = "-Onone";
			};
			name = Debug;
		};
		EDFDA66124FB8C29002550CE /* Release */ = {
			isa = XCBuildConfiguration;
			buildSettings = {
				ALWAYS_SEARCH_USER_PATHS = NO;
				CLANG_ANALYZER_NONNULL = YES;
				CLANG_ANALYZER_NUMBER_OBJECT_CONVERSION = YES_AGGRESSIVE;
				CLANG_CXX_LANGUAGE_STANDARD = "gnu++14";
				CLANG_CXX_LIBRARY = "libc++";
				CLANG_ENABLE_MODULES = YES;
				CLANG_ENABLE_OBJC_ARC = YES;
				CLANG_ENABLE_OBJC_WEAK = YES;
				CLANG_WARN_BLOCK_CAPTURE_AUTORELEASING = YES;
				CLANG_WARN_BOOL_CONVERSION = YES;
				CLANG_WARN_COMMA = YES;
				CLANG_WARN_CONSTANT_CONVERSION = YES;
				CLANG_WARN_DEPRECATED_OBJC_IMPLEMENTATIONS = YES;
				CLANG_WARN_DIRECT_OBJC_ISA_USAGE = YES_ERROR;
				CLANG_WARN_DOCUMENTATION_COMMENTS = YES;
				CLANG_WARN_EMPTY_BODY = YES;
				CLANG_WARN_ENUM_CONVERSION = YES;
				CLANG_WARN_INFINITE_RECURSION = YES;
				CLANG_WARN_INT_CONVERSION = YES;
				CLANG_WARN_NON_LITERAL_NULL_CONVERSION = YES;
				CLANG_WARN_OBJC_IMPLICIT_RETAIN_SELF = YES;
				CLANG_WARN_OBJC_LITERAL_CONVERSION = YES;
				CLANG_WARN_OBJC_ROOT_CLASS = YES_ERROR;
				CLANG_WARN_RANGE_LOOP_ANALYSIS = YES;
				CLANG_WARN_STRICT_PROTOTYPES = YES;
				CLANG_WARN_SUSPICIOUS_MOVE = YES;
				CLANG_WARN_UNGUARDED_AVAILABILITY = YES_AGGRESSIVE;
				CLANG_WARN_UNREACHABLE_CODE = YES;
				CLANG_WARN__DUPLICATE_METHOD_MATCH = YES;
				COPY_PHASE_STRIP = NO;
				DEBUG_INFORMATION_FORMAT = "dwarf-with-dsym";
				ENABLE_NS_ASSERTIONS = NO;
				ENABLE_STRICT_OBJC_MSGSEND = YES;
				GCC_C_LANGUAGE_STANDARD = gnu11;
				GCC_NO_COMMON_BLOCKS = YES;
				GCC_WARN_64_TO_32_BIT_CONVERSION = YES;
				GCC_WARN_ABOUT_RETURN_TYPE = YES_ERROR;
				GCC_WARN_UNDECLARED_SELECTOR = YES;
				GCC_WARN_UNINITIALIZED_AUTOS = YES_AGGRESSIVE;
				GCC_WARN_UNUSED_FUNCTION = YES;
				GCC_WARN_UNUSED_VARIABLE = YES;
				IPHONEOS_DEPLOYMENT_TARGET = 13.6;
				MTL_ENABLE_DEBUG_INFO = NO;
				MTL_FAST_MATH = YES;
				SDKROOT = iphoneos;
				SWIFT_COMPILATION_MODE = wholemodule;
				SWIFT_OPTIMIZATION_LEVEL = "-O";
				VALIDATE_PRODUCT = YES;
			};
			name = Release;
		};
		EDFDA66324FB8C29002550CE /* Debug */ = {
			isa = XCBuildConfiguration;
			buildSettings = {
				ASSETCATALOG_COMPILER_APPICON_NAME = AppIcon;
				CODE_SIGN_STYLE = Automatic;
				DEVELOPMENT_TEAM = DAJU2BDA49;
				INFOPLIST_FILE = module13_animations/Info.plist;
				LD_RUNPATH_SEARCH_PATHS = (
					"$(inherited)",
					"@executable_path/Frameworks",
				);
				PRODUCT_BUNDLE_IDENTIFIER = "ru.cyrmax.it.module13-animations";
				PRODUCT_NAME = "$(TARGET_NAME)";
				SWIFT_VERSION = 5.0;
				TARGETED_DEVICE_FAMILY = "1,2";
			};
			name = Debug;
		};
		EDFDA66424FB8C29002550CE /* Release */ = {
			isa = XCBuildConfiguration;
			buildSettings = {
				ASSETCATALOG_COMPILER_APPICON_NAME = AppIcon;
				CODE_SIGN_STYLE = Automatic;
				DEVELOPMENT_TEAM = DAJU2BDA49;
				INFOPLIST_FILE = module13_animations/Info.plist;
				LD_RUNPATH_SEARCH_PATHS = (
					"$(inherited)",
					"@executable_path/Frameworks",
				);
				PRODUCT_BUNDLE_IDENTIFIER = "ru.cyrmax.it.module13-animations";
				PRODUCT_NAME = "$(TARGET_NAME)";
				SWIFT_VERSION = 5.0;
				TARGETED_DEVICE_FAMILY = "1,2";
			};
			name = Release;
		};
/* End XCBuildConfiguration section */

/* Begin XCConfigurationList section */
		EDFDA64924FB8C26002550CE /* Build configuration list for PBXProject "module13_animations" */ = {
			isa = XCConfigurationList;
			buildConfigurations = (
				EDFDA66024FB8C29002550CE /* Debug */,
				EDFDA66124FB8C29002550CE /* Release */,
			);
			defaultConfigurationIsVisible = 0;
			defaultConfigurationName = Release;
		};
		EDFDA66224FB8C29002550CE /* Build configuration list for PBXNativeTarget "module13_animations" */ = {
			isa = XCConfigurationList;
			buildConfigurations = (
				EDFDA66324FB8C29002550CE /* Debug */,
				EDFDA66424FB8C29002550CE /* Release */,
			);
			defaultConfigurationIsVisible = 0;
			defaultConfigurationName = Release;
		};
/* End XCConfigurationList section */
	};
	rootObject = EDFDA64624FB8C26002550CE /* Project object */;
}
