// !$*UTF8*$!
{
	archiveVersion = 1;
	classes = {
	};
	objectVersion = 50;
	objects = {

/* Begin PBXBuildFile section */
		91FE0DB5E8B4C5996DA425DE /* Pods_weatherViewer.framework in Frameworks */ = {isa = PBXBuildFile; fileRef = F530DDB504366236B502AACF /* Pods_weatherViewer.framework */; };
		D419D28D24B22DE700B01AFA /* AppDelegate.swift in Sources */ = {isa = PBXBuildFile; fileRef = D419D28C24B22DE700B01AFA /* AppDelegate.swift */; };
		D419D28F24B22DE700B01AFA /* SceneDelegate.swift in Sources */ = {isa = PBXBuildFile; fileRef = D419D28E24B22DE700B01AFA /* SceneDelegate.swift */; };
		D419D29624B22DE700B01AFA /* Assets.xcassets in Resources */ = {isa = PBXBuildFile; fileRef = D419D29524B22DE700B01AFA /* Assets.xcassets */; };
		D419D29924B22DE700B01AFA /* LaunchScreen.storyboard in Resources */ = {isa = PBXBuildFile; fileRef = D419D29724B22DE700B01AFA /* LaunchScreen.storyboard */; };
		D419D2A124B22E6700B01AFA /* CurentWeatherVC.swift in Sources */ = {isa = PBXBuildFile; fileRef = D419D2A024B22E6700B01AFA /* CurentWeatherVC.swift */; };
		D419D2A324B23FA500B01AFA /* Weather.swift in Sources */ = {isa = PBXBuildFile; fileRef = D419D2A224B23FA500B01AFA /* Weather.swift */; };
		D419D2A524B2482100B01AFA /* CurrentWeatherGraphics.swift in Sources */ = {isa = PBXBuildFile; fileRef = D419D2A424B2482100B01AFA /* CurrentWeatherGraphics.swift */; };
		D419D2A724B24A4B00B01AFA /* ForecastVC.swift in Sources */ = {isa = PBXBuildFile; fileRef = D419D2A624B24A4B00B01AFA /* ForecastVC.swift */; };
/* End PBXBuildFile section */

/* Begin PBXFileReference section */
		77BCFDE7C15E31A9792398CF /* Pods-weatherViewer.release.xcconfig */ = {isa = PBXFileReference; includeInIndex = 1; lastKnownFileType = text.xcconfig; name = "Pods-weatherViewer.release.xcconfig"; path = "Target Support Files/Pods-weatherViewer/Pods-weatherViewer.release.xcconfig"; sourceTree = "<group>"; };
		D419D28924B22DE700B01AFA /* weatherViewer.app */ = {isa = PBXFileReference; explicitFileType = wrapper.application; includeInIndex = 0; path = weatherViewer.app; sourceTree = BUILT_PRODUCTS_DIR; };
		D419D28C24B22DE700B01AFA /* AppDelegate.swift */ = {isa = PBXFileReference; lastKnownFileType = sourcecode.swift; path = AppDelegate.swift; sourceTree = "<group>"; };
		D419D28E24B22DE700B01AFA /* SceneDelegate.swift */ = {isa = PBXFileReference; lastKnownFileType = sourcecode.swift; path = SceneDelegate.swift; sourceTree = "<group>"; };
		D419D29524B22DE700B01AFA /* Assets.xcassets */ = {isa = PBXFileReference; lastKnownFileType = folder.assetcatalog; path = Assets.xcassets; sourceTree = "<group>"; };
		D419D29824B22DE700B01AFA /* Base */ = {isa = PBXFileReference; lastKnownFileType = file.storyboard; name = Base; path = Base.lproj/LaunchScreen.storyboard; sourceTree = "<group>"; };
		D419D29A24B22DE700B01AFA /* Info.plist */ = {isa = PBXFileReference; lastKnownFileType = text.plist.xml; path = Info.plist; sourceTree = "<group>"; };
		D419D2A024B22E6700B01AFA /* CurentWeatherVC.swift */ = {isa = PBXFileReference; lastKnownFileType = sourcecode.swift; path = CurentWeatherVC.swift; sourceTree = "<group>"; };
		D419D2A224B23FA500B01AFA /* Weather.swift */ = {isa = PBXFileReference; lastKnownFileType = sourcecode.swift; path = Weather.swift; sourceTree = "<group>"; };
		D419D2A424B2482100B01AFA /* CurrentWeatherGraphics.swift */ = {isa = PBXFileReference; lastKnownFileType = sourcecode.swift; path = CurrentWeatherGraphics.swift; sourceTree = "<group>"; };
		D419D2A624B24A4B00B01AFA /* ForecastVC.swift */ = {isa = PBXFileReference; lastKnownFileType = sourcecode.swift; path = ForecastVC.swift; sourceTree = "<group>"; };
		F530DDB504366236B502AACF /* Pods_weatherViewer.framework */ = {isa = PBXFileReference; explicitFileType = wrapper.framework; includeInIndex = 0; path = Pods_weatherViewer.framework; sourceTree = BUILT_PRODUCTS_DIR; };
		F89D7B6FC9D1E8DAEF7DAD2B /* Pods-weatherViewer.debug.xcconfig */ = {isa = PBXFileReference; includeInIndex = 1; lastKnownFileType = text.xcconfig; name = "Pods-weatherViewer.debug.xcconfig"; path = "Target Support Files/Pods-weatherViewer/Pods-weatherViewer.debug.xcconfig"; sourceTree = "<group>"; };
/* End PBXFileReference section */

/* Begin PBXFrameworksBuildPhase section */
		D419D28624B22DE700B01AFA /* Frameworks */ = {
			isa = PBXFrameworksBuildPhase;
			buildActionMask = 2147483647;
			files = (
				91FE0DB5E8B4C5996DA425DE /* Pods_weatherViewer.framework in Frameworks */,
			);
			runOnlyForDeploymentPostprocessing = 0;
		};
/* End PBXFrameworksBuildPhase section */

/* Begin PBXGroup section */
		3582DF8DAFB2D3EC7082890E /* Frameworks */ = {
			isa = PBXGroup;
			children = (
				F530DDB504366236B502AACF /* Pods_weatherViewer.framework */,
			);
			name = Frameworks;
			sourceTree = "<group>";
		};
		7A484E96B2358C330B5BC27A /* Pods */ = {
			isa = PBXGroup;
			children = (
				F89D7B6FC9D1E8DAEF7DAD2B /* Pods-weatherViewer.debug.xcconfig */,
				77BCFDE7C15E31A9792398CF /* Pods-weatherViewer.release.xcconfig */,
			);
			name = Pods;
			path = Pods;
			sourceTree = "<group>";
		};
		D419D28024B22DE700B01AFA = {
			isa = PBXGroup;
			children = (
				D419D28B24B22DE700B01AFA /* weatherViewer */,
				D419D28A24B22DE700B01AFA /* Products */,
				7A484E96B2358C330B5BC27A /* Pods */,
				3582DF8DAFB2D3EC7082890E /* Frameworks */,
			);
			sourceTree = "<group>";
		};
		D419D28A24B22DE700B01AFA /* Products */ = {
			isa = PBXGroup;
			children = (
				D419D28924B22DE700B01AFA /* weatherViewer.app */,
			);
			name = Products;
			sourceTree = "<group>";
		};
		D419D28B24B22DE700B01AFA /* weatherViewer */ = {
			isa = PBXGroup;
			children = (
				D419D28C24B22DE700B01AFA /* AppDelegate.swift */,
				D419D28E24B22DE700B01AFA /* SceneDelegate.swift */,
				D419D2A024B22E6700B01AFA /* CurentWeatherVC.swift */,
				D419D2A424B2482100B01AFA /* CurrentWeatherGraphics.swift */,
				D419D2A624B24A4B00B01AFA /* ForecastVC.swift */,
				D419D2A224B23FA500B01AFA /* Weather.swift */,
				D419D29524B22DE700B01AFA /* Assets.xcassets */,
				D419D29724B22DE700B01AFA /* LaunchScreen.storyboard */,
				D419D29A24B22DE700B01AFA /* Info.plist */,
			);
			path = weatherViewer;
			sourceTree = "<group>";
		};
/* End PBXGroup section */

/* Begin PBXNativeTarget section */
		D419D28824B22DE700B01AFA /* weatherViewer */ = {
			isa = PBXNativeTarget;
			buildConfigurationList = D419D29D24B22DE700B01AFA /* Build configuration list for PBXNativeTarget "weatherViewer" */;
			buildPhases = (
				F456BDB96DD7BFB087EA2DBC /* [CP] Check Pods Manifest.lock */,
				D419D28524B22DE700B01AFA /* Sources */,
				D419D28624B22DE700B01AFA /* Frameworks */,
				D419D28724B22DE700B01AFA /* Resources */,
				D6AF190A70895D65B8DBFE55 /* [CP] Embed Pods Frameworks */,
			);
			buildRules = (
			);
			dependencies = (
			);
			name = weatherViewer;
			productName = weatherViewer;
			productReference = D419D28924B22DE700B01AFA /* weatherViewer.app */;
			productType = "com.apple.product-type.application";
		};
/* End PBXNativeTarget section */

/* Begin PBXProject section */
		D419D28124B22DE700B01AFA /* Project object */ = {
			isa = PBXProject;
			attributes = {
				LastSwiftUpdateCheck = 1200;
				LastUpgradeCheck = 1200;
				TargetAttributes = {
					D419D28824B22DE700B01AFA = {
						CreatedOnToolsVersion = 12.0;
					};
				};
			};
			buildConfigurationList = D419D28424B22DE700B01AFA /* Build configuration list for PBXProject "weatherViewer" */;
			compatibilityVersion = "Xcode 9.3";
			developmentRegion = en;
			hasScannedForEncodings = 0;
			knownRegions = (
				en,
				Base,
			);
			mainGroup = D419D28024B22DE700B01AFA;
			productRefGroup = D419D28A24B22DE700B01AFA /* Products */;
			projectDirPath = "";
			projectRoot = "";
			targets = (
				D419D28824B22DE700B01AFA /* weatherViewer */,
			);
		};
/* End PBXProject section */

/* Begin PBXResourcesBuildPhase section */
		D419D28724B22DE700B01AFA /* Resources */ = {
			isa = PBXResourcesBuildPhase;
			buildActionMask = 2147483647;
			files = (
				D419D29924B22DE700B01AFA /* LaunchScreen.storyboard in Resources */,
				D419D29624B22DE700B01AFA /* Assets.xcassets in Resources */,
			);
			runOnlyForDeploymentPostprocessing = 0;
		};
/* End PBXResourcesBuildPhase section */

/* Begin PBXShellScriptBuildPhase section */
		D6AF190A70895D65B8DBFE55 /* [CP] Embed Pods Frameworks */ = {
			isa = PBXShellScriptBuildPhase;
			buildActionMask = 2147483647;
			files = (
			);
			inputFileListPaths = (
				"${PODS_ROOT}/Target Support Files/Pods-weatherViewer/Pods-weatherViewer-frameworks-${CONFIGURATION}-input-files.xcfilelist",
			);
			name = "[CP] Embed Pods Frameworks";
			outputFileListPaths = (
				"${PODS_ROOT}/Target Support Files/Pods-weatherViewer/Pods-weatherViewer-frameworks-${CONFIGURATION}-output-files.xcfilelist",
			);
			runOnlyForDeploymentPostprocessing = 0;
			shellPath = /bin/sh;
			shellScript = "\"${PODS_ROOT}/Target Support Files/Pods-weatherViewer/Pods-weatherViewer-frameworks.sh\"\n";
			showEnvVarsInLog = 0;
		};
		F456BDB96DD7BFB087EA2DBC /* [CP] Check Pods Manifest.lock */ = {
			isa = PBXShellScriptBuildPhase;
			buildActionMask = 2147483647;
			files = (
			);
			inputFileListPaths = (
			);
			inputPaths = (
				"${PODS_PODFILE_DIR_PATH}/Podfile.lock",
				"${PODS_ROOT}/Manifest.lock",
			);
			name = "[CP] Check Pods Manifest.lock";
			outputFileListPaths = (
			);
			outputPaths = (
				"$(DERIVED_FILE_DIR)/Pods-weatherViewer-checkManifestLockResult.txt",
			);
			runOnlyForDeploymentPostprocessing = 0;
			shellPath = /bin/sh;
			shellScript = "diff \"${PODS_PODFILE_DIR_PATH}/Podfile.lock\" \"${PODS_ROOT}/Manifest.lock\" > /dev/null\nif [ $? != 0 ] ; then\n    # print error to STDERR\n    echo \"error: The sandbox is not in sync with the Podfile.lock. Run 'pod install' or update your CocoaPods installation.\" >&2\n    exit 1\nfi\n# This output is used by Xcode 'outputs' to avoid re-running this script phase.\necho \"SUCCESS\" > \"${SCRIPT_OUTPUT_FILE_0}\"\n";
			showEnvVarsInLog = 0;
		};
/* End PBXShellScriptBuildPhase section */

/* Begin PBXSourcesBuildPhase section */
		D419D28524B22DE700B01AFA /* Sources */ = {
			isa = PBXSourcesBuildPhase;
			buildActionMask = 2147483647;
			files = (
				D419D2A324B23FA500B01AFA /* Weather.swift in Sources */,
				D419D2A524B2482100B01AFA /* CurrentWeatherGraphics.swift in Sources */,
				D419D28D24B22DE700B01AFA /* AppDelegate.swift in Sources */,
				D419D2A724B24A4B00B01AFA /* ForecastVC.swift in Sources */,
				D419D28F24B22DE700B01AFA /* SceneDelegate.swift in Sources */,
				D419D2A124B22E6700B01AFA /* CurentWeatherVC.swift in Sources */,
			);
			runOnlyForDeploymentPostprocessing = 0;
		};
/* End PBXSourcesBuildPhase section */

/* Begin PBXVariantGroup section */
		D419D29724B22DE700B01AFA /* LaunchScreen.storyboard */ = {
			isa = PBXVariantGroup;
			children = (
				D419D29824B22DE700B01AFA /* Base */,
			);
			name = LaunchScreen.storyboard;
			sourceTree = "<group>";
		};
/* End PBXVariantGroup section */

/* Begin XCBuildConfiguration section */
		D419D29B24B22DE700B01AFA /* Debug */ = {
			isa = XCBuildConfiguration;
			buildSettings = {
				ALWAYS_SEARCH_USER_PATHS = NO;
				CLANG_ANALYZER_NONNULL = YES;
				CLANG_ANALYZER_NUMBER_OBJECT_CONVERSION = YES_AGGRESSIVE;
				CLANG_CXX_LANGUAGE_STANDARD = "gnu++14";
				CLANG_CXX_LIBRARY = "libc++";
				CLANG_ENABLE_MODULES = YES;
				CLANG_ENABLE_OBJC_ARC = YES;
				CLANG_ENABLE_OBJC_WEAK = YES;
				CLANG_WARN_BLOCK_CAPTURE_AUTORELEASING = YES;
				CLANG_WARN_BOOL_CONVERSION = YES;
				CLANG_WARN_COMMA = YES;
				CLANG_WARN_CONSTANT_CONVERSION = YES;
				CLANG_WARN_DEPRECATED_OBJC_IMPLEMENTATIONS = YES;
				CLANG_WARN_DIRECT_OBJC_ISA_USAGE = YES_ERROR;
				CLANG_WARN_DOCUMENTATION_COMMENTS = YES;
				CLANG_WARN_EMPTY_BODY = YES;
				CLANG_WARN_ENUM_CONVERSION = YES;
				CLANG_WARN_INFINITE_RECURSION = YES;
				CLANG_WARN_INT_CONVERSION = YES;
				CLANG_WARN_NON_LITERAL_NULL_CONVERSION = YES;
				CLANG_WARN_OBJC_IMPLICIT_RETAIN_SELF = YES;
				CLANG_WARN_OBJC_LITERAL_CONVERSION = YES;
				CLANG_WARN_OBJC_ROOT_CLASS = YES_ERROR;
				CLANG_WARN_QUOTED_INCLUDE_IN_FRAMEWORK_HEADER = YES;
				CLANG_WARN_RANGE_LOOP_ANALYSIS = YES;
				CLANG_WARN_STRICT_PROTOTYPES = YES;
				CLANG_WARN_SUSPICIOUS_MOVE = YES;
				CLANG_WARN_UNGUARDED_AVAILABILITY = YES_AGGRESSIVE;
				CLANG_WARN_UNREACHABLE_CODE = YES;
				CLANG_WARN__DUPLICATE_METHOD_MATCH = YES;
				COPY_PHASE_STRIP = NO;
				DEBUG_INFORMATION_FORMAT = dwarf;
				ENABLE_STRICT_OBJC_MSGSEND = YES;
				ENABLE_TESTABILITY = YES;
				GCC_C_LANGUAGE_STANDARD = gnu11;
				GCC_DYNAMIC_NO_PIC = NO;
				GCC_NO_COMMON_BLOCKS = YES;
				GCC_OPTIMIZATION_LEVEL = 0;
				GCC_PREPROCESSOR_DEFINITIONS = (
					"DEBUG=1",
					"$(inherited)",
				);
				GCC_WARN_64_TO_32_BIT_CONVERSION = YES;
				GCC_WARN_ABOUT_RETURN_TYPE = YES_ERROR;
				GCC_WARN_UNDECLARED_SELECTOR = YES;
				GCC_WARN_UNINITIALIZED_AUTOS = YES_AGGRESSIVE;
				GCC_WARN_UNUSED_FUNCTION = YES;
				GCC_WARN_UNUSED_VARIABLE = YES;
				IPHONEOS_DEPLOYMENT_TARGET = 14.0;
				MTL_ENABLE_DEBUG_INFO = INCLUDE_SOURCE;
				MTL_FAST_MATH = YES;
				ONLY_ACTIVE_ARCH = YES;
				SDKROOT = iphoneos;
				SWIFT_ACTIVE_COMPILATION_CONDITIONS = DEBUG;
				SWIFT_OPTIMIZATION_LEVEL = "-Onone";
			};
			name = Debug;
		};
		D419D29C24B22DE700B01AFA /* Release */ = {
			isa = XCBuildConfiguration;
			buildSettings = {
				ALWAYS_SEARCH_USER_PATHS = NO;
				CLANG_ANALYZER_NONNULL = YES;
				CLANG_ANALYZER_NUMBER_OBJECT_CONVERSION = YES_AGGRESSIVE;
				CLANG_CXX_LANGUAGE_STANDARD = "gnu++14";
				CLANG_CXX_LIBRARY = "libc++";
				CLANG_ENABLE_MODULES = YES;
				CLANG_ENABLE_OBJC_ARC = YES;
				CLANG_ENABLE_OBJC_WEAK = YES;
				CLANG_WARN_BLOCK_CAPTURE_AUTORELEASING = YES;
				CLANG_WARN_BOOL_CONVERSION = YES;
				CLANG_WARN_COMMA = YES;
				CLANG_WARN_CONSTANT_CONVERSION = YES;
				CLANG_WARN_DEPRECATED_OBJC_IMPLEMENTATIONS = YES;
				CLANG_WARN_DIRECT_OBJC_ISA_USAGE = YES_ERROR;
				CLANG_WARN_DOCUMENTATION_COMMENTS = YES;
				CLANG_WARN_EMPTY_BODY = YES;
				CLANG_WARN_ENUM_CONVERSION = YES;
				CLANG_WARN_INFINITE_RECURSION = YES;
				CLANG_WARN_INT_CONVERSION = YES;
				CLANG_WARN_NON_LITERAL_NULL_CONVERSION = YES;
				CLANG_WARN_OBJC_IMPLICIT_RETAIN_SELF = YES;
				CLANG_WARN_OBJC_LITERAL_CONVERSION = YES;
				CLANG_WARN_OBJC_ROOT_CLASS = YES_ERROR;
				CLANG_WARN_QUOTED_INCLUDE_IN_FRAMEWORK_HEADER = YES;
				CLANG_WARN_RANGE_LOOP_ANALYSIS = YES;
				CLANG_WARN_STRICT_PROTOTYPES = YES;
				CLANG_WARN_SUSPICIOUS_MOVE = YES;
				CLANG_WARN_UNGUARDED_AVAILABILITY = YES_AGGRESSIVE;
				CLANG_WARN_UNREACHABLE_CODE = YES;
				CLANG_WARN__DUPLICATE_METHOD_MATCH = YES;
				COPY_PHASE_STRIP = NO;
				DEBUG_INFORMATION_FORMAT = "dwarf-with-dsym";
				ENABLE_NS_ASSERTIONS = NO;
				ENABLE_STRICT_OBJC_MSGSEND = YES;
				GCC_C_LANGUAGE_STANDARD = gnu11;
				GCC_NO_COMMON_BLOCKS = YES;
				GCC_WARN_64_TO_32_BIT_CONVERSION = YES;
				GCC_WARN_ABOUT_RETURN_TYPE = YES_ERROR;
				GCC_WARN_UNDECLARED_SELECTOR = YES;
				GCC_WARN_UNINITIALIZED_AUTOS = YES_AGGRESSIVE;
				GCC_WARN_UNUSED_FUNCTION = YES;
				GCC_WARN_UNUSED_VARIABLE = YES;
				IPHONEOS_DEPLOYMENT_TARGET = 14.0;
				MTL_ENABLE_DEBUG_INFO = NO;
				MTL_FAST_MATH = YES;
				SDKROOT = iphoneos;
				SWIFT_COMPILATION_MODE = wholemodule;
				SWIFT_OPTIMIZATION_LEVEL = "-O";
				VALIDATE_PRODUCT = YES;
			};
			name = Release;
		};
		D419D29E24B22DE700B01AFA /* Debug */ = {
			isa = XCBuildConfiguration;
			baseConfigurationReference = F89D7B6FC9D1E8DAEF7DAD2B /* Pods-weatherViewer.debug.xcconfig */;
			buildSettings = {
				ASSETCATALOG_COMPILER_APPICON_NAME = AppIcon;
				ASSETCATALOG_COMPILER_GLOBAL_ACCENT_COLOR_NAME = AccentColor;
				CODE_SIGN_STYLE = Automatic;
				DEVELOPMENT_TEAM = DAJU2BDA49;
				INFOPLIST_FILE = weatherViewer/Info.plist;
				IPHONEOS_DEPLOYMENT_TARGET = 13.5;
				LD_RUNPATH_SEARCH_PATHS = (
					"$(inherited)",
					"@executable_path/Frameworks",
				);
				PRODUCT_BUNDLE_IDENTIFIER = ru.cyrmax.it.weatherViewer;
				PRODUCT_NAME = "$(TARGET_NAME)";
				SWIFT_VERSION = 5.0;
				TARGETED_DEVICE_FAMILY = "1,2";
			};
			name = Debug;
		};
		D419D29F24B22DE700B01AFA /* Release */ = {
			isa = XCBuildConfiguration;
			baseConfigurationReference = 77BCFDE7C15E31A9792398CF /* Pods-weatherViewer.release.xcconfig */;
			buildSettings = {
				ASSETCATALOG_COMPILER_APPICON_NAME = AppIcon;
				ASSETCATALOG_COMPILER_GLOBAL_ACCENT_COLOR_NAME = AccentColor;
				CODE_SIGN_STYLE = Automatic;
				DEVELOPMENT_TEAM = DAJU2BDA49;
				INFOPLIST_FILE = weatherViewer/Info.plist;
				IPHONEOS_DEPLOYMENT_TARGET = 13.5;
				LD_RUNPATH_SEARCH_PATHS = (
					"$(inherited)",
					"@executable_path/Frameworks",
				);
				PRODUCT_BUNDLE_IDENTIFIER = ru.cyrmax.it.weatherViewer;
				PRODUCT_NAME = "$(TARGET_NAME)";
				SWIFT_VERSION = 5.0;
				TARGETED_DEVICE_FAMILY = "1,2";
			};
			name = Release;
		};
/* End XCBuildConfiguration section */

/* Begin XCConfigurationList section */
		D419D28424B22DE700B01AFA /* Build configuration list for PBXProject "weatherViewer" */ = {
			isa = XCConfigurationList;
			buildConfigurations = (
				D419D29B24B22DE700B01AFA /* Debug */,
				D419D29C24B22DE700B01AFA /* Release */,
			);
			defaultConfigurationIsVisible = 0;
			defaultConfigurationName = Release;
		};
		D419D29D24B22DE700B01AFA /* Build configuration list for PBXNativeTarget "weatherViewer" */ = {
			isa = XCConfigurationList;
			buildConfigurations = (
				D419D29E24B22DE700B01AFA /* Debug */,
				D419D29F24B22DE700B01AFA /* Release */,
			);
			defaultConfigurationIsVisible = 0;
			defaultConfigurationName = Release;
		};
/* End XCConfigurationList section */
	};
	rootObject = D419D28124B22DE700B01AFA /* Project object */;
}
