// !$*UTF8*$!
{
	archiveVersion = 1;
	classes = {
	};
	objectVersion = 50;
	objects = {

/* Begin PBXBuildFile section */
		D48C27C824AE7826004C62F4 /* AppDelegate.swift in Sources */ = {isa = PBXBuildFile; fileRef = D48C27C724AE7826004C62F4 /* AppDelegate.swift */; };
		D48C27CA24AE7826004C62F4 /* SceneDelegate.swift in Sources */ = {isa = PBXBuildFile; fileRef = D48C27C924AE7826004C62F4 /* SceneDelegate.swift */; };
		D48C27D124AE7828004C62F4 /* Assets.xcassets in Resources */ = {isa = PBXBuildFile; fileRef = D48C27D024AE7828004C62F4 /* Assets.xcassets */; };
		D48C27D424AE7828004C62F4 /* LaunchScreen.storyboard in Resources */ = {isa = PBXBuildFile; fileRef = D48C27D224AE7828004C62F4 /* LaunchScreen.storyboard */; };
		D48C27DC24AE796D004C62F4 /* CollectionVC.swift in Sources */ = {isa = PBXBuildFile; fileRef = D48C27DB24AE796D004C62F4 /* CollectionVC.swift */; };
		D48C27E024AE7E17004C62F4 /* CollectionVCDatasource.swift in Sources */ = {isa = PBXBuildFile; fileRef = D48C27DF24AE7E17004C62F4 /* CollectionVCDatasource.swift */; };
		D48C27E424AE7F22004C62F4 /* CollectionViewCell.swift in Sources */ = {isa = PBXBuildFile; fileRef = D48C27E324AE7F22004C62F4 /* CollectionViewCell.swift */; };
		D48C27E624AE8A6C004C62F4 /* CollectionViewLayout.swift in Sources */ = {isa = PBXBuildFile; fileRef = D48C27E524AE8A6B004C62F4 /* CollectionViewLayout.swift */; };
		D48C27E824AE8CD0004C62F4 /* pics in Resources */ = {isa = PBXBuildFile; fileRef = D48C27E724AE8CD0004C62F4 /* pics */; };
		D48C27EA24AE90E9004C62F4 /* MainVC.swift in Sources */ = {isa = PBXBuildFile; fileRef = D48C27E924AE90E9004C62F4 /* MainVC.swift */; };
/* End PBXBuildFile section */

/* Begin PBXFileReference section */
		D48C27C424AE7826004C62F4 /* module10_project.app */ = {isa = PBXFileReference; explicitFileType = wrapper.application; includeInIndex = 0; path = module10_project.app; sourceTree = BUILT_PRODUCTS_DIR; };
		D48C27C724AE7826004C62F4 /* AppDelegate.swift */ = {isa = PBXFileReference; lastKnownFileType = sourcecode.swift; path = AppDelegate.swift; sourceTree = "<group>"; };
		D48C27C924AE7826004C62F4 /* SceneDelegate.swift */ = {isa = PBXFileReference; lastKnownFileType = sourcecode.swift; path = SceneDelegate.swift; sourceTree = "<group>"; };
		D48C27D024AE7828004C62F4 /* Assets.xcassets */ = {isa = PBXFileReference; lastKnownFileType = folder.assetcatalog; path = Assets.xcassets; sourceTree = "<group>"; };
		D48C27D324AE7828004C62F4 /* Base */ = {isa = PBXFileReference; lastKnownFileType = file.storyboard; name = Base; path = Base.lproj/LaunchScreen.storyboard; sourceTree = "<group>"; };
		D48C27D524AE7828004C62F4 /* Info.plist */ = {isa = PBXFileReference; lastKnownFileType = text.plist.xml; path = Info.plist; sourceTree = "<group>"; };
		D48C27DB24AE796D004C62F4 /* CollectionVC.swift */ = {isa = PBXFileReference; lastKnownFileType = sourcecode.swift; path = CollectionVC.swift; sourceTree = "<group>"; };
		D48C27DF24AE7E17004C62F4 /* CollectionVCDatasource.swift */ = {isa = PBXFileReference; lastKnownFileType = sourcecode.swift; path = CollectionVCDatasource.swift; sourceTree = "<group>"; };
		D48C27E324AE7F22004C62F4 /* CollectionViewCell.swift */ = {isa = PBXFileReference; lastKnownFileType = sourcecode.swift; path = CollectionViewCell.swift; sourceTree = "<group>"; };
		D48C27E524AE8A6B004C62F4 /* CollectionViewLayout.swift */ = {isa = PBXFileReference; lastKnownFileType = sourcecode.swift; path = CollectionViewLayout.swift; sourceTree = "<group>"; };
		D48C27E724AE8CD0004C62F4 /* pics */ = {isa = PBXFileReference; lastKnownFileType = folder; name = pics; path = ../../pics; sourceTree = "<group>"; };
		D48C27E924AE90E9004C62F4 /* MainVC.swift */ = {isa = PBXFileReference; lastKnownFileType = sourcecode.swift; path = MainVC.swift; sourceTree = "<group>"; };
/* End PBXFileReference section */

/* Begin PBXFrameworksBuildPhase section */
		D48C27C124AE7826004C62F4 /* Frameworks */ = {
			isa = PBXFrameworksBuildPhase;
			buildActionMask = 2147483647;
			files = (
			);
			runOnlyForDeploymentPostprocessing = 0;
		};
/* End PBXFrameworksBuildPhase section */

/* Begin PBXGroup section */
		D48C27BB24AE7826004C62F4 = {
			isa = PBXGroup;
			children = (
				D48C27C624AE7826004C62F4 /* module10_project */,
				D48C27C524AE7826004C62F4 /* Products */,
			);
			sourceTree = "<group>";
		};
		D48C27C524AE7826004C62F4 /* Products */ = {
			isa = PBXGroup;
			children = (
				D48C27C424AE7826004C62F4 /* module10_project.app */,
			);
			name = Products;
			sourceTree = "<group>";
		};
		D48C27C624AE7826004C62F4 /* module10_project */ = {
			isa = PBXGroup;
			children = (
				D48C27C724AE7826004C62F4 /* AppDelegate.swift */,
				D48C27C924AE7826004C62F4 /* SceneDelegate.swift */,
				D48C27E924AE90E9004C62F4 /* MainVC.swift */,
				D48C27DB24AE796D004C62F4 /* CollectionVC.swift */,
				D48C27DF24AE7E17004C62F4 /* CollectionVCDatasource.swift */,
				D48C27E524AE8A6B004C62F4 /* CollectionViewLayout.swift */,
				D48C27E324AE7F22004C62F4 /* CollectionViewCell.swift */,
				D48C27D024AE7828004C62F4 /* Assets.xcassets */,
				D48C27D224AE7828004C62F4 /* LaunchScreen.storyboard */,
				D48C27E724AE8CD0004C62F4 /* pics */,
				D48C27D524AE7828004C62F4 /* Info.plist */,
			);
			path = module10_project;
			sourceTree = "<group>";
		};
/* End PBXGroup section */

/* Begin PBXNativeTarget section */
		D48C27C324AE7826004C62F4 /* module10_project */ = {
			isa = PBXNativeTarget;
			buildConfigurationList = D48C27D824AE7828004C62F4 /* Build configuration list for PBXNativeTarget "module10_project" */;
			buildPhases = (
				D48C27C024AE7826004C62F4 /* Sources */,
				D48C27C124AE7826004C62F4 /* Frameworks */,
				D48C27C224AE7826004C62F4 /* Resources */,
			);
			buildRules = (
			);
			dependencies = (
			);
			name = module10_project;
			productName = module10_project;
			productReference = D48C27C424AE7826004C62F4 /* module10_project.app */;
			productType = "com.apple.product-type.application";
		};
/* End PBXNativeTarget section */

/* Begin PBXProject section */
		D48C27BC24AE7826004C62F4 /* Project object */ = {
			isa = PBXProject;
			attributes = {
				LastSwiftUpdateCheck = 1200;
				LastUpgradeCheck = 1200;
				TargetAttributes = {
					D48C27C324AE7826004C62F4 = {
						CreatedOnToolsVersion = 12.0;
					};
				};
			};
			buildConfigurationList = D48C27BF24AE7826004C62F4 /* Build configuration list for PBXProject "module10_project" */;
			compatibilityVersion = "Xcode 9.3";
			developmentRegion = en;
			hasScannedForEncodings = 0;
			knownRegions = (
				en,
				Base,
			);
			mainGroup = D48C27BB24AE7826004C62F4;
			productRefGroup = D48C27C524AE7826004C62F4 /* Products */;
			projectDirPath = "";
			projectRoot = "";
			targets = (
				D48C27C324AE7826004C62F4 /* module10_project */,
			);
		};
/* End PBXProject section */

/* Begin PBXResourcesBuildPhase section */
		D48C27C224AE7826004C62F4 /* Resources */ = {
			isa = PBXResourcesBuildPhase;
			buildActionMask = 2147483647;
			files = (
				D48C27E824AE8CD0004C62F4 /* pics in Resources */,
				D48C27D424AE7828004C62F4 /* LaunchScreen.storyboard in Resources */,
				D48C27D124AE7828004C62F4 /* Assets.xcassets in Resources */,
			);
			runOnlyForDeploymentPostprocessing = 0;
		};
/* End PBXResourcesBuildPhase section */

/* Begin PBXSourcesBuildPhase section */
		D48C27C024AE7826004C62F4 /* Sources */ = {
			isa = PBXSourcesBuildPhase;
			buildActionMask = 2147483647;
			files = (
				D48C27E624AE8A6C004C62F4 /* CollectionViewLayout.swift in Sources */,
				D48C27E424AE7F22004C62F4 /* CollectionViewCell.swift in Sources */,
				D48C27C824AE7826004C62F4 /* AppDelegate.swift in Sources */,
				D48C27DC24AE796D004C62F4 /* CollectionVC.swift in Sources */,
				D48C27CA24AE7826004C62F4 /* SceneDelegate.swift in Sources */,
				D48C27E024AE7E17004C62F4 /* CollectionVCDatasource.swift in Sources */,
				D48C27EA24AE90E9004C62F4 /* MainVC.swift in Sources */,
			);
			runOnlyForDeploymentPostprocessing = 0;
		};
/* End PBXSourcesBuildPhase section */

/* Begin PBXVariantGroup section */
		D48C27D224AE7828004C62F4 /* LaunchScreen.storyboard */ = {
			isa = PBXVariantGroup;
			children = (
				D48C27D324AE7828004C62F4 /* Base */,
			);
			name = LaunchScreen.storyboard;
			sourceTree = "<group>";
		};
/* End PBXVariantGroup section */

/* Begin XCBuildConfiguration section */
		D48C27D624AE7828004C62F4 /* Debug */ = {
			isa = XCBuildConfiguration;
			buildSettings = {
				ALWAYS_SEARCH_USER_PATHS = NO;
				CLANG_ANALYZER_NONNULL = YES;
				CLANG_ANALYZER_NUMBER_OBJECT_CONVERSION = YES_AGGRESSIVE;
				CLANG_CXX_LANGUAGE_STANDARD = "gnu++14";
				CLANG_CXX_LIBRARY = "libc++";
				CLANG_ENABLE_MODULES = YES;
				CLANG_ENABLE_OBJC_ARC = YES;
				CLANG_ENABLE_OBJC_WEAK = YES;
				CLANG_WARN_BLOCK_CAPTURE_AUTORELEASING = YES;
				CLANG_WARN_BOOL_CONVERSION = YES;
				CLANG_WARN_COMMA = YES;
				CLANG_WARN_CONSTANT_CONVERSION = YES;
				CLANG_WARN_DEPRECATED_OBJC_IMPLEMENTATIONS = YES;
				CLANG_WARN_DIRECT_OBJC_ISA_USAGE = YES_ERROR;
				CLANG_WARN_DOCUMENTATION_COMMENTS = YES;
				CLANG_WARN_EMPTY_BODY = YES;
				CLANG_WARN_ENUM_CONVERSION = YES;
				CLANG_WARN_INFINITE_RECURSION = YES;
				CLANG_WARN_INT_CONVERSION = YES;
				CLANG_WARN_NON_LITERAL_NULL_CONVERSION = YES;
				CLANG_WARN_OBJC_IMPLICIT_RETAIN_SELF = YES;
				CLANG_WARN_OBJC_LITERAL_CONVERSION = YES;
				CLANG_WARN_OBJC_ROOT_CLASS = YES_ERROR;
				CLANG_WARN_QUOTED_INCLUDE_IN_FRAMEWORK_HEADER = YES;
				CLANG_WARN_RANGE_LOOP_ANALYSIS = YES;
				CLANG_WARN_STRICT_PROTOTYPES = YES;
				CLANG_WARN_SUSPICIOUS_MOVE = YES;
				CLANG_WARN_UNGUARDED_AVAILABILITY = YES_AGGRESSIVE;
				CLANG_WARN_UNREACHABLE_CODE = YES;
				CLANG_WARN__DUPLICATE_METHOD_MATCH = YES;
				COPY_PHASE_STRIP = NO;
				DEBUG_INFORMATION_FORMAT = dwarf;
				ENABLE_STRICT_OBJC_MSGSEND = YES;
				ENABLE_TESTABILITY = YES;
				GCC_C_LANGUAGE_STANDARD = gnu11;
				GCC_DYNAMIC_NO_PIC = NO;
				GCC_NO_COMMON_BLOCKS = YES;
				GCC_OPTIMIZATION_LEVEL = 0;
				GCC_PREPROCESSOR_DEFINITIONS = (
					"DEBUG=1",
					"$(inherited)",
				);
				GCC_WARN_64_TO_32_BIT_CONVERSION = YES;
				GCC_WARN_ABOUT_RETURN_TYPE = YES_ERROR;
				GCC_WARN_UNDECLARED_SELECTOR = YES;
				GCC_WARN_UNINITIALIZED_AUTOS = YES_AGGRESSIVE;
				GCC_WARN_UNUSED_FUNCTION = YES;
				GCC_WARN_UNUSED_VARIABLE = YES;
				IPHONEOS_DEPLOYMENT_TARGET = 14.0;
				MTL_ENABLE_DEBUG_INFO = INCLUDE_SOURCE;
				MTL_FAST_MATH = YES;
				ONLY_ACTIVE_ARCH = YES;
				SDKROOT = iphoneos;
				SWIFT_ACTIVE_COMPILATION_CONDITIONS = DEBUG;
				SWIFT_OPTIMIZATION_LEVEL = "-Onone";
			};
			name = Debug;
		};
		D48C27D724AE7828004C62F4 /* Release */ = {
			isa = XCBuildConfiguration;
			buildSettings = {
				ALWAYS_SEARCH_USER_PATHS = NO;
				CLANG_ANALYZER_NONNULL = YES;
				CLANG_ANALYZER_NUMBER_OBJECT_CONVERSION = YES_AGGRESSIVE;
				CLANG_CXX_LANGUAGE_STANDARD = "gnu++14";
				CLANG_CXX_LIBRARY = "libc++";
				CLANG_ENABLE_MODULES = YES;
				CLANG_ENABLE_OBJC_ARC = YES;
				CLANG_ENABLE_OBJC_WEAK = YES;
				CLANG_WARN_BLOCK_CAPTURE_AUTORELEASING = YES;
				CLANG_WARN_BOOL_CONVERSION = YES;
				CLANG_WARN_COMMA = YES;
				CLANG_WARN_CONSTANT_CONVERSION = YES;
				CLANG_WARN_DEPRECATED_OBJC_IMPLEMENTATIONS = YES;
				CLANG_WARN_DIRECT_OBJC_ISA_USAGE = YES_ERROR;
				CLANG_WARN_DOCUMENTATION_COMMENTS = YES;
				CLANG_WARN_EMPTY_BODY = YES;
				CLANG_WARN_ENUM_CONVERSION = YES;
				CLANG_WARN_INFINITE_RECURSION = YES;
				CLANG_WARN_INT_CONVERSION = YES;
				CLANG_WARN_NON_LITERAL_NULL_CONVERSION = YES;
				CLANG_WARN_OBJC_IMPLICIT_RETAIN_SELF = YES;
				CLANG_WARN_OBJC_LITERAL_CONVERSION = YES;
				CLANG_WARN_OBJC_ROOT_CLASS = YES_ERROR;
				CLANG_WARN_QUOTED_INCLUDE_IN_FRAMEWORK_HEADER = YES;
				CLANG_WARN_RANGE_LOOP_ANALYSIS = YES;
				CLANG_WARN_STRICT_PROTOTYPES = YES;
				CLANG_WARN_SUSPICIOUS_MOVE = YES;
				CLANG_WARN_UNGUARDED_AVAILABILITY = YES_AGGRESSIVE;
				CLANG_WARN_UNREACHABLE_CODE = YES;
				CLANG_WARN__DUPLICATE_METHOD_MATCH = YES;
				COPY_PHASE_STRIP = NO;
				DEBUG_INFORMATION_FORMAT = "dwarf-with-dsym";
				ENABLE_NS_ASSERTIONS = NO;
				ENABLE_STRICT_OBJC_MSGSEND = YES;
				GCC_C_LANGUAGE_STANDARD = gnu11;
				GCC_NO_COMMON_BLOCKS = YES;
				GCC_WARN_64_TO_32_BIT_CONVERSION = YES;
				GCC_WARN_ABOUT_RETURN_TYPE = YES_ERROR;
				GCC_WARN_UNDECLARED_SELECTOR = YES;
				GCC_WARN_UNINITIALIZED_AUTOS = YES_AGGRESSIVE;
				GCC_WARN_UNUSED_FUNCTION = YES;
				GCC_WARN_UNUSED_VARIABLE = YES;
				IPHONEOS_DEPLOYMENT_TARGET = 14.0;
				MTL_ENABLE_DEBUG_INFO = NO;
				MTL_FAST_MATH = YES;
				SDKROOT = iphoneos;
				SWIFT_COMPILATION_MODE = wholemodule;
				SWIFT_OPTIMIZATION_LEVEL = "-O";
				VALIDATE_PRODUCT = YES;
			};
			name = Release;
		};
		D48C27D924AE7828004C62F4 /* Debug */ = {
			isa = XCBuildConfiguration;
			buildSettings = {
				ASSETCATALOG_COMPILER_APPICON_NAME = AppIcon;
				ASSETCATALOG_COMPILER_GLOBAL_ACCENT_COLOR_NAME = AccentColor;
				CODE_SIGN_STYLE = Automatic;
				DEVELOPMENT_TEAM = DAJU2BDA49;
				INFOPLIST_FILE = module10_project/Info.plist;
				IPHONEOS_DEPLOYMENT_TARGET = 13.5;
				LD_RUNPATH_SEARCH_PATHS = (
					"$(inherited)",
					"@executable_path/Frameworks",
				);
				PRODUCT_BUNDLE_IDENTIFIER = "ru.cyrmax.it.module10-project";
				PRODUCT_NAME = "$(TARGET_NAME)";
				SWIFT_VERSION = 5.0;
				TARGETED_DEVICE_FAMILY = "1,2";
			};
			name = Debug;
		};
		D48C27DA24AE7828004C62F4 /* Release */ = {
			isa = XCBuildConfiguration;
			buildSettings = {
				ASSETCATALOG_COMPILER_APPICON_NAME = AppIcon;
				ASSETCATALOG_COMPILER_GLOBAL_ACCENT_COLOR_NAME = AccentColor;
				CODE_SIGN_STYLE = Automatic;
				DEVELOPMENT_TEAM = DAJU2BDA49;
				INFOPLIST_FILE = module10_project/Info.plist;
				IPHONEOS_DEPLOYMENT_TARGET = 13.5;
				LD_RUNPATH_SEARCH_PATHS = (
					"$(inherited)",
					"@executable_path/Frameworks",
				);
				PRODUCT_BUNDLE_IDENTIFIER = "ru.cyrmax.it.module10-project";
				PRODUCT_NAME = "$(TARGET_NAME)";
				SWIFT_VERSION = 5.0;
				TARGETED_DEVICE_FAMILY = "1,2";
			};
			name = Release;
		};
/* End XCBuildConfiguration section */

/* Begin XCConfigurationList section */
		D48C27BF24AE7826004C62F4 /* Build configuration list for PBXProject "module10_project" */ = {
			isa = XCConfigurationList;
			buildConfigurations = (
				D48C27D624AE7828004C62F4 /* Debug */,
				D48C27D724AE7828004C62F4 /* Release */,
			);
			defaultConfigurationIsVisible = 0;
			defaultConfigurationName = Release;
		};
		D48C27D824AE7828004C62F4 /* Build configuration list for PBXNativeTarget "module10_project" */ = {
			isa = XCConfigurationList;
			buildConfigurations = (
				D48C27D924AE7828004C62F4 /* Debug */,
				D48C27DA24AE7828004C62F4 /* Release */,
			);
			defaultConfigurationIsVisible = 0;
			defaultConfigurationName = Release;
		};
/* End XCConfigurationList section */
	};
	rootObject = D48C27BC24AE7826004C62F4 /* Project object */;
}
