// !$*UTF8*$!
{
	archiveVersion = 1;
	classes = {
	};
	objectVersion = 50;
	objects = {

/* Begin PBXBuildFile section */
		ED221303249E2D6200301302 /* AppDelegate.swift in Sources */ = {isa = PBXBuildFile; fileRef = ED221302249E2D6200301302 /* AppDelegate.swift */; };
		ED221305249E2D6200301302 /* SceneDelegate.swift in Sources */ = {isa = PBXBuildFile; fileRef = ED221304249E2D6200301302 /* SceneDelegate.swift */; };
		ED22130C249E2D6800301302 /* Assets.xcassets in Resources */ = {isa = PBXBuildFile; fileRef = ED22130B249E2D6800301302 /* Assets.xcassets */; };
		ED22130F249E2D6800301302 /* LaunchScreen.storyboard in Resources */ = {isa = PBXBuildFile; fileRef = ED22130D249E2D6800301302 /* LaunchScreen.storyboard */; };
		ED221317249E2DE100301302 /* rootVC.swift in Sources */ = {isa = PBXBuildFile; fileRef = ED221316249E2DE100301302 /* rootVC.swift */; };
		ED221319249E2E6900301302 /* firstBTNVC.swift in Sources */ = {isa = PBXBuildFile; fileRef = ED221318249E2E6900301302 /* firstBTNVC.swift */; };
		EDA92CC024A1730F00FC9327 /* SecondBtnVC.swift in Sources */ = {isa = PBXBuildFile; fileRef = EDA92CBF24A1730F00FC9327 /* SecondBtnVC.swift */; };
/* End PBXBuildFile section */

/* Begin PBXFileReference section */
		ED2212FF249E2D6200301302 /* module9_project.app */ = {isa = PBXFileReference; explicitFileType = wrapper.application; includeInIndex = 0; path = module9_project.app; sourceTree = BUILT_PRODUCTS_DIR; };
		ED221302249E2D6200301302 /* AppDelegate.swift */ = {isa = PBXFileReference; lastKnownFileType = sourcecode.swift; path = AppDelegate.swift; sourceTree = "<group>"; };
		ED221304249E2D6200301302 /* SceneDelegate.swift */ = {isa = PBXFileReference; lastKnownFileType = sourcecode.swift; path = SceneDelegate.swift; sourceTree = "<group>"; };
		ED22130B249E2D6800301302 /* Assets.xcassets */ = {isa = PBXFileReference; lastKnownFileType = folder.assetcatalog; path = Assets.xcassets; sourceTree = "<group>"; };
		ED22130E249E2D6800301302 /* Base */ = {isa = PBXFileReference; lastKnownFileType = file.storyboard; name = Base; path = Base.lproj/LaunchScreen.storyboard; sourceTree = "<group>"; };
		ED221310249E2D6800301302 /* Info.plist */ = {isa = PBXFileReference; lastKnownFileType = text.plist.xml; path = Info.plist; sourceTree = "<group>"; };
		ED221316249E2DE100301302 /* rootVC.swift */ = {isa = PBXFileReference; lastKnownFileType = sourcecode.swift; path = rootVC.swift; sourceTree = "<group>"; };
		ED221318249E2E6900301302 /* firstBTNVC.swift */ = {isa = PBXFileReference; lastKnownFileType = sourcecode.swift; path = firstBTNVC.swift; sourceTree = "<group>"; };
		EDA92CBF24A1730F00FC9327 /* SecondBtnVC.swift */ = {isa = PBXFileReference; lastKnownFileType = sourcecode.swift; path = SecondBtnVC.swift; sourceTree = "<group>"; };
/* End PBXFileReference section */

/* Begin PBXFrameworksBuildPhase section */
		ED2212FC249E2D6200301302 /* Frameworks */ = {
			isa = PBXFrameworksBuildPhase;
			buildActionMask = 2147483647;
			files = (
			);
			runOnlyForDeploymentPostprocessing = 0;
		};
/* End PBXFrameworksBuildPhase section */

/* Begin PBXGroup section */
		ED2212F6249E2D6200301302 = {
			isa = PBXGroup;
			children = (
				ED221301249E2D6200301302 /* module9_project */,
				ED221300249E2D6200301302 /* Products */,
			);
			sourceTree = "<group>";
		};
		ED221300249E2D6200301302 /* Products */ = {
			isa = PBXGroup;
			children = (
				ED2212FF249E2D6200301302 /* module9_project.app */,
			);
			name = Products;
			sourceTree = "<group>";
		};
		ED221301249E2D6200301302 /* module9_project */ = {
			isa = PBXGroup;
			children = (
				ED221302249E2D6200301302 /* AppDelegate.swift */,
				ED221304249E2D6200301302 /* SceneDelegate.swift */,
				ED221316249E2DE100301302 /* rootVC.swift */,
				ED221318249E2E6900301302 /* firstBTNVC.swift */,
				EDA92CBF24A1730F00FC9327 /* SecondBtnVC.swift */,
				ED22130B249E2D6800301302 /* Assets.xcassets */,
				ED22130D249E2D6800301302 /* LaunchScreen.storyboard */,
				ED221310249E2D6800301302 /* Info.plist */,
			);
			path = module9_project;
			sourceTree = "<group>";
		};
/* End PBXGroup section */

/* Begin PBXNativeTarget section */
		ED2212FE249E2D6200301302 /* module9_project */ = {
			isa = PBXNativeTarget;
			buildConfigurationList = ED221313249E2D6800301302 /* Build configuration list for PBXNativeTarget "module9_project" */;
			buildPhases = (
				ED2212FB249E2D6200301302 /* Sources */,
				ED2212FC249E2D6200301302 /* Frameworks */,
				ED2212FD249E2D6200301302 /* Resources */,
			);
			buildRules = (
			);
			dependencies = (
			);
			name = module9_project;
			productName = module9_project;
			productReference = ED2212FF249E2D6200301302 /* module9_project.app */;
			productType = "com.apple.product-type.application";
		};
/* End PBXNativeTarget section */

/* Begin PBXProject section */
		ED2212F7249E2D6200301302 /* Project object */ = {
			isa = PBXProject;
			attributes = {
				LastSwiftUpdateCheck = 1150;
				LastUpgradeCheck = 1150;
				ORGANIZATIONNAME = "cyrmax-it";
				TargetAttributes = {
					ED2212FE249E2D6200301302 = {
						CreatedOnToolsVersion = 11.5;
					};
				};
			};
			buildConfigurationList = ED2212FA249E2D6200301302 /* Build configuration list for PBXProject "module9_project" */;
			compatibilityVersion = "Xcode 9.3";
			developmentRegion = en;
			hasScannedForEncodings = 0;
			knownRegions = (
				en,
				Base,
			);
			mainGroup = ED2212F6249E2D6200301302;
			productRefGroup = ED221300249E2D6200301302 /* Products */;
			projectDirPath = "";
			projectRoot = "";
			targets = (
				ED2212FE249E2D6200301302 /* module9_project */,
			);
		};
/* End PBXProject section */

/* Begin PBXResourcesBuildPhase section */
		ED2212FD249E2D6200301302 /* Resources */ = {
			isa = PBXResourcesBuildPhase;
			buildActionMask = 2147483647;
			files = (
				ED22130F249E2D6800301302 /* LaunchScreen.storyboard in Resources */,
				ED22130C249E2D6800301302 /* Assets.xcassets in Resources */,
			);
			runOnlyForDeploymentPostprocessing = 0;
		};
/* End PBXResourcesBuildPhase section */

/* Begin PBXSourcesBuildPhase section */
		ED2212FB249E2D6200301302 /* Sources */ = {
			isa = PBXSourcesBuildPhase;
			buildActionMask = 2147483647;
			files = (
				ED221319249E2E6900301302 /* firstBTNVC.swift in Sources */,
				ED221317249E2DE100301302 /* rootVC.swift in Sources */,
				ED221303249E2D6200301302 /* AppDelegate.swift in Sources */,
				EDA92CC024A1730F00FC9327 /* SecondBtnVC.swift in Sources */,
				ED221305249E2D6200301302 /* SceneDelegate.swift in Sources */,
			);
			runOnlyForDeploymentPostprocessing = 0;
		};
/* End PBXSourcesBuildPhase section */

/* Begin PBXVariantGroup section */
		ED22130D249E2D6800301302 /* LaunchScreen.storyboard */ = {
			isa = PBXVariantGroup;
			children = (
				ED22130E249E2D6800301302 /* Base */,
			);
			name = LaunchScreen.storyboard;
			sourceTree = "<group>";
		};
/* End PBXVariantGroup section */

/* Begin XCBuildConfiguration section */
		ED221311249E2D6800301302 /* Debug */ = {
			isa = XCBuildConfiguration;
			buildSettings = {
				ALWAYS_SEARCH_USER_PATHS = NO;
				CLANG_ANALYZER_NONNULL = YES;
				CLANG_ANALYZER_NUMBER_OBJECT_CONVERSION = YES_AGGRESSIVE;
				CLANG_CXX_LANGUAGE_STANDARD = "gnu++14";
				CLANG_CXX_LIBRARY = "libc++";
				CLANG_ENABLE_MODULES = YES;
				CLANG_ENABLE_OBJC_ARC = YES;
				CLANG_ENABLE_OBJC_WEAK = YES;
				CLANG_WARN_BLOCK_CAPTURE_AUTORELEASING = YES;
				CLANG_WARN_BOOL_CONVERSION = YES;
				CLANG_WARN_COMMA = YES;
				CLANG_WARN_CONSTANT_CONVERSION = YES;
				CLANG_WARN_DEPRECATED_OBJC_IMPLEMENTATIONS = YES;
				CLANG_WARN_DIRECT_OBJC_ISA_USAGE = YES_ERROR;
				CLANG_WARN_DOCUMENTATION_COMMENTS = YES;
				CLANG_WARN_EMPTY_BODY = YES;
				CLANG_WARN_ENUM_CONVERSION = YES;
				CLANG_WARN_INFINITE_RECURSION = YES;
				CLANG_WARN_INT_CONVERSION = YES;
				CLANG_WARN_NON_LITERAL_NULL_CONVERSION = YES;
				CLANG_WARN_OBJC_IMPLICIT_RETAIN_SELF = YES;
				CLANG_WARN_OBJC_LITERAL_CONVERSION = YES;
				CLANG_WARN_OBJC_ROOT_CLASS = YES_ERROR;
				CLANG_WARN_RANGE_LOOP_ANALYSIS = YES;
				CLANG_WARN_STRICT_PROTOTYPES = YES;
				CLANG_WARN_SUSPICIOUS_MOVE = YES;
				CLANG_WARN_UNGUARDED_AVAILABILITY = YES_AGGRESSIVE;
				CLANG_WARN_UNREACHABLE_CODE = YES;
				CLANG_WARN__DUPLICATE_METHOD_MATCH = YES;
				COPY_PHASE_STRIP = NO;
				DEBUG_INFORMATION_FORMAT = dwarf;
				ENABLE_STRICT_OBJC_MSGSEND = YES;
				ENABLE_TESTABILITY = YES;
				GCC_C_LANGUAGE_STANDARD = gnu11;
				GCC_DYNAMIC_NO_PIC = NO;
				GCC_NO_COMMON_BLOCKS = YES;
				GCC_OPTIMIZATION_LEVEL = 0;
				GCC_PREPROCESSOR_DEFINITIONS = (
					"DEBUG=1",
					"$(inherited)",
				);
				GCC_WARN_64_TO_32_BIT_CONVERSION = YES;
				GCC_WARN_ABOUT_RETURN_TYPE = YES_ERROR;
				GCC_WARN_UNDECLARED_SELECTOR = YES;
				GCC_WARN_UNINITIALIZED_AUTOS = YES_AGGRESSIVE;
				GCC_WARN_UNUSED_FUNCTION = YES;
				GCC_WARN_UNUSED_VARIABLE = YES;
				IPHONEOS_DEPLOYMENT_TARGET = 13.5;
				MTL_ENABLE_DEBUG_INFO = INCLUDE_SOURCE;
				MTL_FAST_MATH = YES;
				ONLY_ACTIVE_ARCH = YES;
				SDKROOT = iphoneos;
				SWIFT_ACTIVE_COMPILATION_CONDITIONS = DEBUG;
				SWIFT_OPTIMIZATION_LEVEL = "-Onone";
			};
			name = Debug;
		};
		ED221312249E2D6800301302 /* Release */ = {
			isa = XCBuildConfiguration;
			buildSettings = {
				ALWAYS_SEARCH_USER_PATHS = NO;
				CLANG_ANALYZER_NONNULL = YES;
				CLANG_ANALYZER_NUMBER_OBJECT_CONVERSION = YES_AGGRESSIVE;
				CLANG_CXX_LANGUAGE_STANDARD = "gnu++14";
				CLANG_CXX_LIBRARY = "libc++";
				CLANG_ENABLE_MODULES = YES;
				CLANG_ENABLE_OBJC_ARC = YES;
				CLANG_ENABLE_OBJC_WEAK = YES;
				CLANG_WARN_BLOCK_CAPTURE_AUTORELEASING = YES;
				CLANG_WARN_BOOL_CONVERSION = YES;
				CLANG_WARN_COMMA = YES;
				CLANG_WARN_CONSTANT_CONVERSION = YES;
				CLANG_WARN_DEPRECATED_OBJC_IMPLEMENTATIONS = YES;
				CLANG_WARN_DIRECT_OBJC_ISA_USAGE = YES_ERROR;
				CLANG_WARN_DOCUMENTATION_COMMENTS = YES;
				CLANG_WARN_EMPTY_BODY = YES;
				CLANG_WARN_ENUM_CONVERSION = YES;
				CLANG_WARN_INFINITE_RECURSION = YES;
				CLANG_WARN_INT_CONVERSION = YES;
				CLANG_WARN_NON_LITERAL_NULL_CONVERSION = YES;
				CLANG_WARN_OBJC_IMPLICIT_RETAIN_SELF = YES;
				CLANG_WARN_OBJC_LITERAL_CONVERSION = YES;
				CLANG_WARN_OBJC_ROOT_CLASS = YES_ERROR;
				CLANG_WARN_RANGE_LOOP_ANALYSIS = YES;
				CLANG_WARN_STRICT_PROTOTYPES = YES;
				CLANG_WARN_SUSPICIOUS_MOVE = YES;
				CLANG_WARN_UNGUARDED_AVAILABILITY = YES_AGGRESSIVE;
				CLANG_WARN_UNREACHABLE_CODE = YES;
				CLANG_WARN__DUPLICATE_METHOD_MATCH = YES;
				COPY_PHASE_STRIP = NO;
				DEBUG_INFORMATION_FORMAT = "dwarf-with-dsym";
				ENABLE_NS_ASSERTIONS = NO;
				ENABLE_STRICT_OBJC_MSGSEND = YES;
				GCC_C_LANGUAGE_STANDARD = gnu11;
				GCC_NO_COMMON_BLOCKS = YES;
				GCC_WARN_64_TO_32_BIT_CONVERSION = YES;
				GCC_WARN_ABOUT_RETURN_TYPE = YES_ERROR;
				GCC_WARN_UNDECLARED_SELECTOR = YES;
				GCC_WARN_UNINITIALIZED_AUTOS = YES_AGGRESSIVE;
				GCC_WARN_UNUSED_FUNCTION = YES;
				GCC_WARN_UNUSED_VARIABLE = YES;
				IPHONEOS_DEPLOYMENT_TARGET = 13.5;
				MTL_ENABLE_DEBUG_INFO = NO;
				MTL_FAST_MATH = YES;
				SDKROOT = iphoneos;
				SWIFT_COMPILATION_MODE = wholemodule;
				SWIFT_OPTIMIZATION_LEVEL = "-O";
				VALIDATE_PRODUCT = YES;
			};
			name = Release;
		};
		ED221314249E2D6800301302 /* Debug */ = {
			isa = XCBuildConfiguration;
			buildSettings = {
				ASSETCATALOG_COMPILER_APPICON_NAME = AppIcon;
				CODE_SIGN_STYLE = Automatic;
				DEVELOPMENT_TEAM = S95CR875X2;
				INFOPLIST_FILE = module9_project/Info.plist;
				LD_RUNPATH_SEARCH_PATHS = (
					"$(inherited)",
					"@executable_path/Frameworks",
				);
				PRODUCT_BUNDLE_IDENTIFIER = "ru.cyrmax-it.module9-project";
				PRODUCT_NAME = "$(TARGET_NAME)";
				SWIFT_VERSION = 5.0;
				TARGETED_DEVICE_FAMILY = "1,2";
			};
			name = Debug;
		};
		ED221315249E2D6800301302 /* Release */ = {
			isa = XCBuildConfiguration;
			buildSettings = {
				ASSETCATALOG_COMPILER_APPICON_NAME = AppIcon;
				CODE_SIGN_STYLE = Automatic;
				DEVELOPMENT_TEAM = S95CR875X2;
				INFOPLIST_FILE = module9_project/Info.plist;
				LD_RUNPATH_SEARCH_PATHS = (
					"$(inherited)",
					"@executable_path/Frameworks",
				);
				PRODUCT_BUNDLE_IDENTIFIER = "ru.cyrmax-it.module9-project";
				PRODUCT_NAME = "$(TARGET_NAME)";
				SWIFT_VERSION = 5.0;
				TARGETED_DEVICE_FAMILY = "1,2";
			};
			name = Release;
		};
/* End XCBuildConfiguration section */

/* Begin XCConfigurationList section */
		ED2212FA249E2D6200301302 /* Build configuration list for PBXProject "module9_project" */ = {
			isa = XCConfigurationList;
			buildConfigurations = (
				ED221311249E2D6800301302 /* Debug */,
				ED221312249E2D6800301302 /* Release */,
			);
			defaultConfigurationIsVisible = 0;
			defaultConfigurationName = Release;
		};
		ED221313249E2D6800301302 /* Build configuration list for PBXNativeTarget "module9_project" */ = {
			isa = XCConfigurationList;
			buildConfigurations = (
				ED221314249E2D6800301302 /* Debug */,
				ED221315249E2D6800301302 /* Release */,
			);
			defaultConfigurationIsVisible = 0;
			defaultConfigurationName = Release;
		};
/* End XCConfigurationList section */
	};
	rootObject = ED2212F7249E2D6200301302 /* Project object */;
}
