// !$*UTF8*$!
{
	archiveVersion = 1;
	classes = {
	};
	objectVersion = 51;
	objects = {

/* Begin PBXBuildFile section */
		6A17822ED78594824E9E241E /* Pods_module14_project.framework in Frameworks */ = {isa = PBXBuildFile; fileRef = 9E22CB95D287A37D8E3FDCCB /* Pods_module14_project.framework */; };
		ED9D64F42525E5930064980D /* TodoTask.swift in Sources */ = {isa = PBXBuildFile; fileRef = ED9D64F32525E5930064980D /* TodoTask.swift */; };
		ED9D65032525E6D00064980D /* TodoListVC.swift in Sources */ = {isa = PBXBuildFile; fileRef = ED9D65022525E6D00064980D /* TodoListVC.swift */; };
		ED9D650A2525ED030064980D /* AddTaskVC.swift in Sources */ = {isa = PBXBuildFile; fileRef = ED9D65092525ED030064980D /* AddTaskVC.swift */; };
		ED9D650F2525ED550064980D /* AddTaskView.swift in Sources */ = {isa = PBXBuildFile; fileRef = ED9D650E2525ED550064980D /* AddTaskView.swift */; };
		EDDC997524FBE58400628A1D /* AppDelegate.swift in Sources */ = {isa = PBXBuildFile; fileRef = EDDC997424FBE58400628A1D /* AppDelegate.swift */; };
		EDDC997724FBE58400628A1D /* SceneDelegate.swift in Sources */ = {isa = PBXBuildFile; fileRef = EDDC997624FBE58400628A1D /* SceneDelegate.swift */; };
		EDDC997924FBE58400628A1D /* NameVC.swift in Sources */ = {isa = PBXBuildFile; fileRef = EDDC997824FBE58400628A1D /* NameVC.swift */; };
		EDDC997E24FBE58600628A1D /* Assets.xcassets in Resources */ = {isa = PBXBuildFile; fileRef = EDDC997D24FBE58600628A1D /* Assets.xcassets */; };
		EDDC998124FBE58600628A1D /* LaunchScreen.storyboard in Resources */ = {isa = PBXBuildFile; fileRef = EDDC997F24FBE58600628A1D /* LaunchScreen.storyboard */; };
		EDFCF724252C49FB000B22E7 /* CurrentWeatherVC.swift in Sources */ = {isa = PBXBuildFile; fileRef = EDFCF723252C49FB000B22E7 /* CurrentWeatherVC.swift */; };
		EDFCF727252C4A20000B22E7 /* CurrentWeatherGraphics.swift in Sources */ = {isa = PBXBuildFile; fileRef = EDFCF726252C4A20000B22E7 /* CurrentWeatherGraphics.swift */; };
		EDFCF72A252C4A50000B22E7 /* Weather.swift in Sources */ = {isa = PBXBuildFile; fileRef = EDFCF729252C4A50000B22E7 /* Weather.swift */; };
		EDFCF72D252C4A79000B22E7 /* WeatherService.swift in Sources */ = {isa = PBXBuildFile; fileRef = EDFCF72C252C4A79000B22E7 /* WeatherService.swift */; };
/* End PBXBuildFile section */

/* Begin PBXFileReference section */
		86A70897B15D8803B7EEC1C4 /* Pods-module14_project.debug.xcconfig */ = {isa = PBXFileReference; includeInIndex = 1; lastKnownFileType = text.xcconfig; name = "Pods-module14_project.debug.xcconfig"; path = "Target Support Files/Pods-module14_project/Pods-module14_project.debug.xcconfig"; sourceTree = "<group>"; };
		9E22CB95D287A37D8E3FDCCB /* Pods_module14_project.framework */ = {isa = PBXFileReference; explicitFileType = wrapper.framework; includeInIndex = 0; path = Pods_module14_project.framework; sourceTree = BUILT_PRODUCTS_DIR; };
		ED9D64F32525E5930064980D /* TodoTask.swift */ = {isa = PBXFileReference; lastKnownFileType = sourcecode.swift; path = TodoTask.swift; sourceTree = "<group>"; };
		ED9D65022525E6D00064980D /* TodoListVC.swift */ = {isa = PBXFileReference; lastKnownFileType = sourcecode.swift; path = TodoListVC.swift; sourceTree = "<group>"; };
		ED9D65092525ED030064980D /* AddTaskVC.swift */ = {isa = PBXFileReference; lastKnownFileType = sourcecode.swift; path = AddTaskVC.swift; sourceTree = "<group>"; };
		ED9D650E2525ED550064980D /* AddTaskView.swift */ = {isa = PBXFileReference; lastKnownFileType = sourcecode.swift; path = AddTaskView.swift; sourceTree = "<group>"; };
		EDDC997124FBE58400628A1D /* module14_project.app */ = {isa = PBXFileReference; explicitFileType = wrapper.application; includeInIndex = 0; path = module14_project.app; sourceTree = BUILT_PRODUCTS_DIR; };
		EDDC997424FBE58400628A1D /* AppDelegate.swift */ = {isa = PBXFileReference; lastKnownFileType = sourcecode.swift; path = AppDelegate.swift; sourceTree = "<group>"; };
		EDDC997624FBE58400628A1D /* SceneDelegate.swift */ = {isa = PBXFileReference; lastKnownFileType = sourcecode.swift; path = SceneDelegate.swift; sourceTree = "<group>"; };
		EDDC997824FBE58400628A1D /* NameVC.swift */ = {isa = PBXFileReference; lastKnownFileType = sourcecode.swift; path = NameVC.swift; sourceTree = "<group>"; };
		EDDC997D24FBE58600628A1D /* Assets.xcassets */ = {isa = PBXFileReference; lastKnownFileType = folder.assetcatalog; path = Assets.xcassets; sourceTree = "<group>"; };
		EDDC998024FBE58600628A1D /* Base */ = {isa = PBXFileReference; lastKnownFileType = file.storyboard; name = Base; path = Base.lproj/LaunchScreen.storyboard; sourceTree = "<group>"; };
		EDDC998224FBE58600628A1D /* Info.plist */ = {isa = PBXFileReference; lastKnownFileType = text.plist.xml; path = Info.plist; sourceTree = "<group>"; };
		EDFCF723252C49FB000B22E7 /* CurrentWeatherVC.swift */ = {isa = PBXFileReference; lastKnownFileType = sourcecode.swift; path = CurrentWeatherVC.swift; sourceTree = "<group>"; };
		EDFCF726252C4A20000B22E7 /* CurrentWeatherGraphics.swift */ = {isa = PBXFileReference; lastKnownFileType = sourcecode.swift; path = CurrentWeatherGraphics.swift; sourceTree = "<group>"; };
		EDFCF729252C4A50000B22E7 /* Weather.swift */ = {isa = PBXFileReference; lastKnownFileType = sourcecode.swift; path = Weather.swift; sourceTree = "<group>"; };
		EDFCF72C252C4A79000B22E7 /* WeatherService.swift */ = {isa = PBXFileReference; lastKnownFileType = sourcecode.swift; path = WeatherService.swift; sourceTree = "<group>"; };
		F5CEC6E4481E77B9B8A8D7B4 /* Pods-module14_project.release.xcconfig */ = {isa = PBXFileReference; includeInIndex = 1; lastKnownFileType = text.xcconfig; name = "Pods-module14_project.release.xcconfig"; path = "Target Support Files/Pods-module14_project/Pods-module14_project.release.xcconfig"; sourceTree = "<group>"; };
/* End PBXFileReference section */

/* Begin PBXFrameworksBuildPhase section */
		EDDC996E24FBE58400628A1D /* Frameworks */ = {
			isa = PBXFrameworksBuildPhase;
			buildActionMask = 2147483647;
			files = (
				6A17822ED78594824E9E241E /* Pods_module14_project.framework in Frameworks */,
			);
			runOnlyForDeploymentPostprocessing = 0;
		};
/* End PBXFrameworksBuildPhase section */

/* Begin PBXGroup section */
		47066B58BAF29B5389B18746 /* Frameworks */ = {
			isa = PBXGroup;
			children = (
				9E22CB95D287A37D8E3FDCCB /* Pods_module14_project.framework */,
			);
			name = Frameworks;
			sourceTree = "<group>";
		};
		58E92D78259F2955FEF2A8B2 /* Pods */ = {
			isa = PBXGroup;
			children = (
				86A70897B15D8803B7EEC1C4 /* Pods-module14_project.debug.xcconfig */,
				F5CEC6E4481E77B9B8A8D7B4 /* Pods-module14_project.release.xcconfig */,
			);
			path = Pods;
			sourceTree = "<group>";
		};
		ED1628D9252C4798002F4885 /* TodoList */ = {
			isa = PBXGroup;
			children = (
				ED9D65022525E6D00064980D /* TodoListVC.swift */,
				ED9D65092525ED030064980D /* AddTaskVC.swift */,
				ED9D650E2525ED550064980D /* AddTaskView.swift */,
				ED9D64F32525E5930064980D /* TodoTask.swift */,
			);
			path = TodoList;
			sourceTree = "<group>";
		};
		ED2F159F252E0D12003C6361 /* Weather */ = {
			isa = PBXGroup;
			children = (
				EDFCF723252C49FB000B22E7 /* CurrentWeatherVC.swift */,
				EDFCF726252C4A20000B22E7 /* CurrentWeatherGraphics.swift */,
				EDFCF729252C4A50000B22E7 /* Weather.swift */,
				EDFCF72C252C4A79000B22E7 /* WeatherService.swift */,
			);
			path = Weather;
			sourceTree = "<group>";
		};
		EDDC996824FBE58400628A1D = {
			isa = PBXGroup;
			children = (
				EDDC997324FBE58400628A1D /* module14_project */,
				EDDC997224FBE58400628A1D /* Products */,
				58E92D78259F2955FEF2A8B2 /* Pods */,
				47066B58BAF29B5389B18746 /* Frameworks */,
			);
			sourceTree = "<group>";
		};
		EDDC997224FBE58400628A1D /* Products */ = {
			isa = PBXGroup;
			children = (
				EDDC997124FBE58400628A1D /* module14_project.app */,
			);
			name = Products;
			sourceTree = "<group>";
		};
		EDDC997324FBE58400628A1D /* module14_project */ = {
			isa = PBXGroup;
			children = (
				EDDC997424FBE58400628A1D /* AppDelegate.swift */,
				EDDC997624FBE58400628A1D /* SceneDelegate.swift */,
				EDDC997824FBE58400628A1D /* NameVC.swift */,
				ED2F159F252E0D12003C6361 /* Weather */,
				ED1628D9252C4798002F4885 /* TodoList */,
				EDDC997D24FBE58600628A1D /* Assets.xcassets */,
				EDDC997F24FBE58600628A1D /* LaunchScreen.storyboard */,
				EDDC998224FBE58600628A1D /* Info.plist */,
			);
			path = module14_project;
			sourceTree = "<group>";
		};
/* End PBXGroup section */

/* Begin PBXNativeTarget section */
		EDDC997024FBE58400628A1D /* module14_project */ = {
			isa = PBXNativeTarget;
			buildConfigurationList = EDDC998524FBE58600628A1D /* Build configuration list for PBXNativeTarget "module14_project" */;
			buildPhases = (
				B96F44C41D37C7E01F6C6A41 /* [CP] Check Pods Manifest.lock */,
				EDDC996D24FBE58400628A1D /* Sources */,
				EDDC996E24FBE58400628A1D /* Frameworks */,
				EDDC996F24FBE58400628A1D /* Resources */,
				6B3E26E49CC361CCA1C7F5C7 /* [CP] Embed Pods Frameworks */,
			);
			buildRules = (
			);
			dependencies = (
			);
			name = module14_project;
			productName = module14_project;
			productReference = EDDC997124FBE58400628A1D /* module14_project.app */;
			productType = "com.apple.product-type.application";
		};
/* End PBXNativeTarget section */

/* Begin PBXProject section */
		EDDC996924FBE58400628A1D /* Project object */ = {
			isa = PBXProject;
			attributes = {
				LastSwiftUpdateCheck = 1160;
				LastUpgradeCheck = 1160;
				ORGANIZATIONNAME = "Kirill Belousov";
				TargetAttributes = {
					EDDC997024FBE58400628A1D = {
						CreatedOnToolsVersion = 11.6;
					};
				};
			};
			buildConfigurationList = EDDC996C24FBE58400628A1D /* Build configuration list for PBXProject "module14_project" */;
			compatibilityVersion = "Xcode 9.3";
			developmentRegion = en;
			hasScannedForEncodings = 0;
			knownRegions = (
				en,
				Base,
			);
			mainGroup = EDDC996824FBE58400628A1D;
			productRefGroup = EDDC997224FBE58400628A1D /* Products */;
			projectDirPath = "";
			projectRoot = "";
			targets = (
				EDDC997024FBE58400628A1D /* module14_project */,
			);
		};
/* End PBXProject section */

/* Begin PBXResourcesBuildPhase section */
		EDDC996F24FBE58400628A1D /* Resources */ = {
			isa = PBXResourcesBuildPhase;
			buildActionMask = 2147483647;
			files = (
				EDDC998124FBE58600628A1D /* LaunchScreen.storyboard in Resources */,
				EDDC997E24FBE58600628A1D /* Assets.xcassets in Resources */,
			);
			runOnlyForDeploymentPostprocessing = 0;
		};
/* End PBXResourcesBuildPhase section */

/* Begin PBXShellScriptBuildPhase section */
		6B3E26E49CC361CCA1C7F5C7 /* [CP] Embed Pods Frameworks */ = {
			isa = PBXShellScriptBuildPhase;
			buildActionMask = 2147483647;
			files = (
			);
			inputFileListPaths = (
				"${PODS_ROOT}/Target Support Files/Pods-module14_project/Pods-module14_project-frameworks-${CONFIGURATION}-input-files.xcfilelist",
			);
			name = "[CP] Embed Pods Frameworks";
			outputFileListPaths = (
				"${PODS_ROOT}/Target Support Files/Pods-module14_project/Pods-module14_project-frameworks-${CONFIGURATION}-output-files.xcfilelist",
			);
			runOnlyForDeploymentPostprocessing = 0;
			shellPath = /bin/sh;
			shellScript = "\"${PODS_ROOT}/Target Support Files/Pods-module14_project/Pods-module14_project-frameworks.sh\"\n";
			showEnvVarsInLog = 0;
		};
		B96F44C41D37C7E01F6C6A41 /* [CP] Check Pods Manifest.lock */ = {
			isa = PBXShellScriptBuildPhase;
			buildActionMask = 2147483647;
			files = (
			);
			inputFileListPaths = (
			);
			inputPaths = (
				"${PODS_PODFILE_DIR_PATH}/Podfile.lock",
				"${PODS_ROOT}/Manifest.lock",
			);
			name = "[CP] Check Pods Manifest.lock";
			outputFileListPaths = (
			);
			outputPaths = (
				"$(DERIVED_FILE_DIR)/Pods-module14_project-checkManifestLockResult.txt",
			);
			runOnlyForDeploymentPostprocessing = 0;
			shellPath = /bin/sh;
			shellScript = "diff \"${PODS_PODFILE_DIR_PATH}/Podfile.lock\" \"${PODS_ROOT}/Manifest.lock\" > /dev/null\nif [ $? != 0 ] ; then\n    # print error to STDERR\n    echo \"error: The sandbox is not in sync with the Podfile.lock. Run 'pod install' or update your CocoaPods installation.\" >&2\n    exit 1\nfi\n# This output is used by Xcode 'outputs' to avoid re-running this script phase.\necho \"SUCCESS\" > \"${SCRIPT_OUTPUT_FILE_0}\"\n";
			showEnvVarsInLog = 0;
		};
/* End PBXShellScriptBuildPhase section */

/* Begin PBXSourcesBuildPhase section */
		EDDC996D24FBE58400628A1D /* Sources */ = {
			isa = PBXSourcesBuildPhase;
			buildActionMask = 2147483647;
			files = (
				EDDC997924FBE58400628A1D /* NameVC.swift in Sources */,
				EDFCF727252C4A20000B22E7 /* CurrentWeatherGraphics.swift in Sources */,
				EDFCF72D252C4A79000B22E7 /* WeatherService.swift in Sources */,
				ED9D650F2525ED550064980D /* AddTaskView.swift in Sources */,
				EDDC997524FBE58400628A1D /* AppDelegate.swift in Sources */,
				EDFCF72A252C4A50000B22E7 /* Weather.swift in Sources */,
				ED9D650A2525ED030064980D /* AddTaskVC.swift in Sources */,
				ED9D64F42525E5930064980D /* TodoTask.swift in Sources */,
				EDFCF724252C49FB000B22E7 /* CurrentWeatherVC.swift in Sources */,
				EDDC997724FBE58400628A1D /* SceneDelegate.swift in Sources */,
				ED9D65032525E6D00064980D /* TodoListVC.swift in Sources */,
			);
			runOnlyForDeploymentPostprocessing = 0;
		};
/* End PBXSourcesBuildPhase section */

/* Begin PBXVariantGroup section */
		EDDC997F24FBE58600628A1D /* LaunchScreen.storyboard */ = {
			isa = PBXVariantGroup;
			children = (
				EDDC998024FBE58600628A1D /* Base */,
			);
			name = LaunchScreen.storyboard;
			sourceTree = "<group>";
		};
/* End PBXVariantGroup section */

/* Begin XCBuildConfiguration section */
		EDDC998324FBE58600628A1D /* Debug */ = {
			isa = XCBuildConfiguration;
			buildSettings = {
				ALWAYS_SEARCH_USER_PATHS = NO;
				CLANG_ANALYZER_NONNULL = YES;
				CLANG_ANALYZER_NUMBER_OBJECT_CONVERSION = YES_AGGRESSIVE;
				CLANG_CXX_LANGUAGE_STANDARD = "gnu++14";
				CLANG_CXX_LIBRARY = "libc++";
				CLANG_ENABLE_MODULES = YES;
				CLANG_ENABLE_OBJC_ARC = YES;
				CLANG_ENABLE_OBJC_WEAK = YES;
				CLANG_WARN_BLOCK_CAPTURE_AUTORELEASING = YES;
				CLANG_WARN_BOOL_CONVERSION = YES;
				CLANG_WARN_COMMA = YES;
				CLANG_WARN_CONSTANT_CONVERSION = YES;
				CLANG_WARN_DEPRECATED_OBJC_IMPLEMENTATIONS = YES;
				CLANG_WARN_DIRECT_OBJC_ISA_USAGE = YES_ERROR;
				CLANG_WARN_DOCUMENTATION_COMMENTS = YES;
				CLANG_WARN_EMPTY_BODY = YES;
				CLANG_WARN_ENUM_CONVERSION = YES;
				CLANG_WARN_INFINITE_RECURSION = YES;
				CLANG_WARN_INT_CONVERSION = YES;
				CLANG_WARN_NON_LITERAL_NULL_CONVERSION = YES;
				CLANG_WARN_OBJC_IMPLICIT_RETAIN_SELF = YES;
				CLANG_WARN_OBJC_LITERAL_CONVERSION = YES;
				CLANG_WARN_OBJC_ROOT_CLASS = YES_ERROR;
				CLANG_WARN_RANGE_LOOP_ANALYSIS = YES;
				CLANG_WARN_STRICT_PROTOTYPES = YES;
				CLANG_WARN_SUSPICIOUS_MOVE = YES;
				CLANG_WARN_UNGUARDED_AVAILABILITY = YES_AGGRESSIVE;
				CLANG_WARN_UNREACHABLE_CODE = YES;
				CLANG_WARN__DUPLICATE_METHOD_MATCH = YES;
				COPY_PHASE_STRIP = NO;
				DEBUG_INFORMATION_FORMAT = dwarf;
				ENABLE_STRICT_OBJC_MSGSEND = YES;
				ENABLE_TESTABILITY = YES;
				GCC_C_LANGUAGE_STANDARD = gnu11;
				GCC_DYNAMIC_NO_PIC = NO;
				GCC_NO_COMMON_BLOCKS = YES;
				GCC_OPTIMIZATION_LEVEL = 0;
				GCC_PREPROCESSOR_DEFINITIONS = (
					"DEBUG=1",
					"$(inherited)",
				);
				GCC_WARN_64_TO_32_BIT_CONVERSION = YES;
				GCC_WARN_ABOUT_RETURN_TYPE = YES_ERROR;
				GCC_WARN_UNDECLARED_SELECTOR = YES;
				GCC_WARN_UNINITIALIZED_AUTOS = YES_AGGRESSIVE;
				GCC_WARN_UNUSED_FUNCTION = YES;
				GCC_WARN_UNUSED_VARIABLE = YES;
				IPHONEOS_DEPLOYMENT_TARGET = 13.6;
				MTL_ENABLE_DEBUG_INFO = INCLUDE_SOURCE;
				MTL_FAST_MATH = YES;
				ONLY_ACTIVE_ARCH = YES;
				SDKROOT = iphoneos;
				SWIFT_ACTIVE_COMPILATION_CONDITIONS = DEBUG;
				SWIFT_OPTIMIZATION_LEVEL = "-Onone";
			};
			name = Debug;
		};
		EDDC998424FBE58600628A1D /* Release */ = {
			isa = XCBuildConfiguration;
			buildSettings = {
				ALWAYS_SEARCH_USER_PATHS = NO;
				CLANG_ANALYZER_NONNULL = YES;
				CLANG_ANALYZER_NUMBER_OBJECT_CONVERSION = YES_AGGRESSIVE;
				CLANG_CXX_LANGUAGE_STANDARD = "gnu++14";
				CLANG_CXX_LIBRARY = "libc++";
				CLANG_ENABLE_MODULES = YES;
				CLANG_ENABLE_OBJC_ARC = YES;
				CLANG_ENABLE_OBJC_WEAK = YES;
				CLANG_WARN_BLOCK_CAPTURE_AUTORELEASING = YES;
				CLANG_WARN_BOOL_CONVERSION = YES;
				CLANG_WARN_COMMA = YES;
				CLANG_WARN_CONSTANT_CONVERSION = YES;
				CLANG_WARN_DEPRECATED_OBJC_IMPLEMENTATIONS = YES;
				CLANG_WARN_DIRECT_OBJC_ISA_USAGE = YES_ERROR;
				CLANG_WARN_DOCUMENTATION_COMMENTS = YES;
				CLANG_WARN_EMPTY_BODY = YES;
				CLANG_WARN_ENUM_CONVERSION = YES;
				CLANG_WARN_INFINITE_RECURSION = YES;
				CLANG_WARN_INT_CONVERSION = YES;
				CLANG_WARN_NON_LITERAL_NULL_CONVERSION = YES;
				CLANG_WARN_OBJC_IMPLICIT_RETAIN_SELF = YES;
				CLANG_WARN_OBJC_LITERAL_CONVERSION = YES;
				CLANG_WARN_OBJC_ROOT_CLASS = YES_ERROR;
				CLANG_WARN_RANGE_LOOP_ANALYSIS = YES;
				CLANG_WARN_STRICT_PROTOTYPES = YES;
				CLANG_WARN_SUSPICIOUS_MOVE = YES;
				CLANG_WARN_UNGUARDED_AVAILABILITY = YES_AGGRESSIVE;
				CLANG_WARN_UNREACHABLE_CODE = YES;
				CLANG_WARN__DUPLICATE_METHOD_MATCH = YES;
				COPY_PHASE_STRIP = NO;
				DEBUG_INFORMATION_FORMAT = "dwarf-with-dsym";
				ENABLE_NS_ASSERTIONS = NO;
				ENABLE_STRICT_OBJC_MSGSEND = YES;
				GCC_C_LANGUAGE_STANDARD = gnu11;
				GCC_NO_COMMON_BLOCKS = YES;
				GCC_WARN_64_TO_32_BIT_CONVERSION = YES;
				GCC_WARN_ABOUT_RETURN_TYPE = YES_ERROR;
				GCC_WARN_UNDECLARED_SELECTOR = YES;
				GCC_WARN_UNINITIALIZED_AUTOS = YES_AGGRESSIVE;
				GCC_WARN_UNUSED_FUNCTION = YES;
				GCC_WARN_UNUSED_VARIABLE = YES;
				IPHONEOS_DEPLOYMENT_TARGET = 13.6;
				MTL_ENABLE_DEBUG_INFO = NO;
				MTL_FAST_MATH = YES;
				SDKROOT = iphoneos;
				SWIFT_COMPILATION_MODE = wholemodule;
				SWIFT_OPTIMIZATION_LEVEL = "-O";
				VALIDATE_PRODUCT = YES;
			};
			name = Release;
		};
		EDDC998624FBE58600628A1D /* Debug */ = {
			isa = XCBuildConfiguration;
			baseConfigurationReference = 86A70897B15D8803B7EEC1C4 /* Pods-module14_project.debug.xcconfig */;
			buildSettings = {
				ASSETCATALOG_COMPILER_APPICON_NAME = AppIcon;
				CODE_SIGN_STYLE = Automatic;
				DEVELOPMENT_TEAM = DAJU2BDA49;
				INFOPLIST_FILE = module14_project/Info.plist;
				LD_RUNPATH_SEARCH_PATHS = (
					"$(inherited)",
					"@executable_path/Frameworks",
				);
				PRODUCT_BUNDLE_IDENTIFIER = "ru.cyrmax.it.module14-project";
				PRODUCT_NAME = "$(TARGET_NAME)";
				SWIFT_VERSION = 5.0;
				TARGETED_DEVICE_FAMILY = "1,2";
			};
			name = Debug;
		};
		EDDC998724FBE58600628A1D /* Release */ = {
			isa = XCBuildConfiguration;
			baseConfigurationReference = F5CEC6E4481E77B9B8A8D7B4 /* Pods-module14_project.release.xcconfig */;
			buildSettings = {
				ASSETCATALOG_COMPILER_APPICON_NAME = AppIcon;
				CODE_SIGN_STYLE = Automatic;
				DEVELOPMENT_TEAM = DAJU2BDA49;
				INFOPLIST_FILE = module14_project/Info.plist;
				LD_RUNPATH_SEARCH_PATHS = (
					"$(inherited)",
					"@executable_path/Frameworks",
				);
				PRODUCT_BUNDLE_IDENTIFIER = "ru.cyrmax.it.module14-project";
				PRODUCT_NAME = "$(TARGET_NAME)";
				SWIFT_VERSION = 5.0;
				TARGETED_DEVICE_FAMILY = "1,2";
			};
			name = Release;
		};
/* End XCBuildConfiguration section */

/* Begin XCConfigurationList section */
		EDDC996C24FBE58400628A1D /* Build configuration list for PBXProject "module14_project" */ = {
			isa = XCConfigurationList;
			buildConfigurations = (
				EDDC998324FBE58600628A1D /* Debug */,
				EDDC998424FBE58600628A1D /* Release */,
			);
			defaultConfigurationIsVisible = 0;
			defaultConfigurationName = Release;
		};
		EDDC998524FBE58600628A1D /* Build configuration list for PBXNativeTarget "module14_project" */ = {
			isa = XCConfigurationList;
			buildConfigurations = (
				EDDC998624FBE58600628A1D /* Debug */,
				EDDC998724FBE58600628A1D /* Release */,
			);
			defaultConfigurationIsVisible = 0;
			defaultConfigurationName = Release;
		};
/* End XCConfigurationList section */
	};
	rootObject = EDDC996924FBE58400628A1D /* Project object */;
}
